<?xml version="1.0" encoding="utf-8"?>
<Project ToolsVersion="4.0" xmlns="http://schemas.microsoft.com/developer/msbuild/2003">
  <ItemGroup>
    <ClInclude Include="..\include\Solo.h">
      <Filter>include</Filter>
    </ClInclude>
    <ClInclude Include="..\include\SoloVector2.h">
      <Filter>include</Filter>
    </ClInclude>
    <ClInclude Include="..\include\SoloMath.h">
      <Filter>include</Filter>
    </ClInclude>
    <ClInclude Include="..\include\SoloVector3.h">
      <Filter>include</Filter>
    </ClInclude>
    <ClInclude Include="..\include\SoloMatrix.h">
      <Filter>include</Filter>
    </ClInclude>
    <ClInclude Include="..\include\SoloVector4.h">
      <Filter>include</Filter>
    </ClInclude>
    <ClInclude Include="..\include\SoloQuaternion.h">
      <Filter>include</Filter>
    </ClInclude>
    <ClInclude Include="..\include\SoloPlane.h">
      <Filter>include</Filter>
    </ClInclude>
    <ClInclude Include="..\include\SoloBoundingSphere.h">
      <Filter>include</Filter>
    </ClInclude>
    <ClInclude Include="..\include\SoloBoundingBox.h">
      <Filter>include</Filter>
    </ClInclude>
    <ClInclude Include="..\include\SoloRay.h">
      <Filter>include</Filter>
    </ClInclude>
    <ClInclude Include="..\include\SoloFrustum.h">
      <Filter>include</Filter>
    </ClInclude>
    <ClInclude Include="..\include\SoloFormatter.h">
      <Filter>include</Filter>
    </ClInclude>
    <ClInclude Include="..\include\SoloCamera.h">
      <Filter>include</Filter>
    </ClInclude>
    <ClInclude Include="..\include\SoloDevice.h">
      <Filter>include</Filter>
    </ClInclude>
    <ClInclude Include="..\include\SoloEffect.h">
      <Filter>include</Filter>
    </ClInclude>
    <ClInclude Include="..\include\SoloFileSystem.h">
      <Filter>include</Filter>
    </ClInclude>
    <ClInclude Include="..\include\SoloMaterial.h">
      <Filter>include</Filter>
    </ClInclude>
    <ClInclude Include="..\include\SoloMesh.h">
      <Filter>include</Filter>
    </ClInclude>
    <ClInclude Include="..\include\SoloScene.h">
      <Filter>include</Filter>
    </ClInclude>
    <ClInclude Include="..\include\SoloTransform.h">
      <Filter>include</Filter>
    </ClInclude>
    <ClInclude Include="..\include\SoloComponent.h">
      <Filter>include</Filter>
    </ClInclude>
    <ClInclude Include="..\include\SoloRenderContext.h">
      <Filter>include</Filter>
    </ClInclude>
    <ClInclude Include="..\include\SoloNode.h">
      <Filter>include</Filter>
    </ClInclude>
    <ClInclude Include="..\include\SoloTexture.h">
      <Filter>include</Filter>
    </ClInclude>
    <ClInclude Include="..\include\SoloImage.h">
      <Filter>include</Filter>
    </ClInclude>
    <ClInclude Include="..\src\solo\SoloPngImageLoader.h">
      <Filter>src</Filter>
    </ClInclude>
    <ClInclude Include="..\include\SoloCubeTexture.h">
      <Filter>include</Filter>
    </ClInclude>
    <ClInclude Include="..\include\SoloSpectator.h">
      <Filter>include</Filter>
    </ClInclude>
    <ClInclude Include="..\include\SoloSkyboxRenderer.h">
      <Filter>include</Filter>
    </ClInclude>
    <ClInclude Include="..\include\SoloVertexFormat.h">
      <Filter>include</Filter>
    </ClInclude>
    <ClInclude Include="..\include\SoloMeshRenderer.h">
      <Filter>include</Filter>
    </ClInclude>
    <ClInclude Include="..\src\solo\SoloObjMeshLoader.h">
      <Filter>src</Filter>
    </ClInclude>
    <ClInclude Include="..\include\SoloLogger.h">
      <Filter>include</Filter>
    </ClInclude>
    <ClInclude Include="..\include\SoloRenderer.h">
      <Filter>include</Filter>
    </ClInclude>
    <ClInclude Include="..\include\SoloFrameBuffer.h">
      <Filter>include</Filter>
    </ClInclude>
    <ClInclude Include="..\include\SoloAssetLoader.h">
      <Filter>include</Filter>
    </ClInclude>
    <ClInclude Include="..\include\SoloRadian.h">
      <Filter>include</Filter>
    </ClInclude>
    <ClInclude Include="..\include\SoloDegree.h">
      <Filter>include</Filter>
    </ClInclude>
    <ClInclude Include="..\include\SoloPhysics.h">
      <Filter>include</Filter>
    </ClInclude>
    <ClInclude Include="..\include\SoloRigidBody.h">
      <Filter>include</Filter>
    </ClInclude>
    <ClInclude Include="..\include\SoloCollider.h">
      <Filter>include</Filter>
    </ClInclude>
    <ClInclude Include="..\include\SoloBoxCollider.h">
      <Filter>include</Filter>
    </ClInclude>
    <ClInclude Include="..\include\SoloFont.h">
      <Filter>include</Filter>
    </ClInclude>
    <ClInclude Include="..\include\SoloFontRenderer.h">
      <Filter>include</Filter>
    </ClInclude>
    <ClInclude Include="..\src\solo\platform\sdl\SoloSDLDevice.h">
      <Filter>src\platform\sdl</Filter>
    </ClInclude>
    <ClInclude Include="..\include\SoloRectTexture.h">
      <Filter>include</Filter>
    </ClInclude>
    <ClInclude Include="..\src\solo\platform\bullet\SoloBulletBoxCollider.h">
      <Filter>src\platform\bullet</Filter>
    </ClInclude>
    <ClInclude Include="..\src\solo\platform\bullet\SoloBulletCollider.h">
      <Filter>src\platform\bullet</Filter>
    </ClInclude>
    <ClInclude Include="..\src\solo\platform\bullet\SoloBulletCommon.h">
      <Filter>src\platform\bullet</Filter>
    </ClInclude>
    <ClInclude Include="..\src\solo\platform\bullet\SoloBulletPhysics.h">
      <Filter>src\platform\bullet</Filter>
    </ClInclude>
    <ClInclude Include="..\src\solo\platform\bullet\SoloBulletRigidBody.h">
      <Filter>src\platform\bullet</Filter>
    </ClInclude>
    <ClInclude Include="..\include\SoloTransformMatrix.h">
      <Filter>include</Filter>
    </ClInclude>
    <ClInclude Include="..\include\SoloCommon.h">
      <Filter>include</Filter>
    </ClInclude>
    <ClInclude Include="..\src\solo\platform\sdl\SoloSDLInputMaps.h">
      <Filter>src\platform\sdl</Filter>
    </ClInclude>
    <ClInclude Include="..\include\SoloDeviceSetup.h">
      <Filter>include</Filter>
    </ClInclude>
    <ClInclude Include="..\src\solo\SoloTrueTypeFont.h">
      <Filter>src</Filter>
    </ClInclude>
    <ClInclude Include="..\src\solo\platform\null\SoloNullDevice.h">
      <Filter>src\platform\null</Filter>
    </ClInclude>
    <ClInclude Include="..\src\solo\platform\null\SoloNullFileSystem.h">
      <Filter>src\platform\null</Filter>
    </ClInclude>
    <ClInclude Include="..\src\solo\platform\null\SoloNullRenderer.h">
      <Filter>src\platform\null</Filter>
    </ClInclude>
    <ClInclude Include="..\src\solo\platform\null\SoloNullCamera.h">
      <Filter>src\platform\null</Filter>
    </ClInclude>
    <ClInclude Include="..\src\solo\platform\null\SoloNullMaterial.h">
      <Filter>src\platform\null</Filter>
    </ClInclude>
    <ClInclude Include="..\src\solo\platform\null\SoloNullCubeTexture.h">
      <Filter>src\platform\null</Filter>
    </ClInclude>
    <ClInclude Include="..\src\solo\platform\null\SoloNullRectTexture.h">
      <Filter>src\platform\null</Filter>
    </ClInclude>
    <ClInclude Include="..\src\solo\platform\null\SoloNullFrameBuffer.h">
      <Filter>src\platform\null</Filter>
    </ClInclude>
    <ClInclude Include="..\src\solo\platform\null\SoloNullEffect.h">
      <Filter>src\platform\null</Filter>
    </ClInclude>
    <ClInclude Include="..\src\solo\platform\null\SoloNullMesh.h">
      <Filter>src\platform\null</Filter>
    </ClInclude>
    <ClInclude Include="..\include\SoloScriptRuntime.h">
      <Filter>include</Filter>
    </ClInclude>
    <ClInclude Include="..\src\solo\platform\lua\SoloLuaScriptRuntime.h">
      <Filter>src\platform\lua</Filter>
    </ClInclude>
    <ClInclude Include="..\src\solo\platform\lua\SoloLuaScriptComponent.h">
      <Filter>src\platform\lua</Filter>
    </ClInclude>
    <ClInclude Include="..\src\solo\SoloImageLoader.h">
      <Filter>src</Filter>
    </ClInclude>
    <ClInclude Include="..\src\solo\SoloMeshLoader.h">
      <Filter>src</Filter>
    </ClInclude>
    <ClInclude Include="..\src\solo\SoloSpinLock.h">
      <Filter>src</Filter>
    </ClInclude>
    <ClInclude Include="..\src\solo\platform\gl\SoloOpenGLCamera.h">
      <Filter>src\platform\gl</Filter>
    </ClInclude>
    <ClInclude Include="..\src\solo\platform\gl\SoloOpenGLCubeTexture.h">
      <Filter>src\platform\gl</Filter>
    </ClInclude>
    <ClInclude Include="..\src\solo\platform\gl\SoloOpenGLEffect.h">
      <Filter>src\platform\gl</Filter>
    </ClInclude>
    <ClInclude Include="..\src\solo\platform\gl\SoloOpenGLFrameBuffer.h">
      <Filter>src\platform\gl</Filter>
    </ClInclude>
    <ClInclude Include="..\src\solo\platform\gl\SoloOpenGLMaterial.h">
      <Filter>src\platform\gl</Filter>
    </ClInclude>
    <ClInclude Include="..\src\solo\platform\gl\SoloOpenGLMesh.h">
      <Filter>src\platform\gl</Filter>
    </ClInclude>
    <ClInclude Include="..\src\solo\platform\gl\SoloOpenGLPrefabShaders.h">
      <Filter>src\platform\gl</Filter>
    </ClInclude>
    <ClInclude Include="..\src\solo\platform\gl\SoloOpenGLRectTexture.h">
      <Filter>src\platform\gl</Filter>
    </ClInclude>
    <ClInclude Include="..\src\solo\platform\gl\SoloOpenGLRenderer.h">
      <Filter>src\platform\gl</Filter>
    </ClInclude>
    <ClInclude Include="..\src\solo\platform\gl\SoloOpenGLTexture.h">
      <Filter>src\platform\gl</Filter>
    </ClInclude>
    <ClInclude Include="..\src\solo\platform\gl\SoloSDLOpenGLDevice.h">
      <Filter>src\platform\gl</Filter>
    </ClInclude>
    <ClInclude Include="..\src\solo\platform\vk\SoloSDLVulkanDevice.h">
      <Filter>src\platform\vk</Filter>
    </ClInclude>
    <ClInclude Include="..\src\solo\platform\vk\SoloVulkan.h">
      <Filter>src\platform\vk</Filter>
    </ClInclude>
    <ClInclude Include="..\src\solo\platform\vk\SoloVulkanCamera.h">
      <Filter>src\platform\vk</Filter>
    </ClInclude>
    <ClInclude Include="..\src\solo\platform\vk\SoloVulkanRenderer.h">
      <Filter>src\platform\vk</Filter>
    </ClInclude>
    <ClInclude Include="..\src\solo\platform\vk\SoloVulkanRenderPass.h">
      <Filter>src\platform\vk</Filter>
    </ClInclude>
    <ClInclude Include="..\src\solo\platform\vk\SoloVulkanSwapchain.h">
      <Filter>src\platform\vk</Filter>
    </ClInclude>
    <ClInclude Include="..\src\solo\platform\vk\SoloVulkanPipeline.h">
      <Filter>src\platform\vk</Filter>
    </ClInclude>
    <ClInclude Include="..\src\solo\platform\vk\SoloVulkanDescriptorPool.h">
      <Filter>src\platform\vk</Filter>
    </ClInclude>
    <ClInclude Include="..\src\solo\platform\vk\SoloVulkanDescriptorSetLayoutBuilder.h">
      <Filter>src\platform\vk</Filter>
    </ClInclude>
    <ClInclude Include="..\src\solo\platform\vk\SoloVulkanBuffer.h">
      <Filter>src\platform\vk</Filter>
    </ClInclude>
    <ClInclude Include="..\src\solo\platform\vk\SoloVulkanMesh.h">
      <Filter>src\platform\vk</Filter>
    </ClInclude>
  </ItemGroup>
  <ItemGroup>
    <ClCompile Include="..\src\solo\SoloScene.cpp">
      <Filter>src</Filter>
    </ClCompile>
    <ClCompile Include="..\src\solo\SoloDevice.cpp">
      <Filter>src</Filter>
    </ClCompile>
    <ClCompile Include="..\src\solo\SoloFileSystem.cpp">
      <Filter>src</Filter>
    </ClCompile>
    <ClCompile Include="..\src\solo\SoloMaterial.cpp">
      <Filter>src</Filter>
    </ClCompile>
    <ClCompile Include="..\src\solo\SoloVector2.cpp">
      <Filter>src</Filter>
    </ClCompile>
    <ClCompile Include="..\src\solo\SoloVector3.cpp">
      <Filter>src</Filter>
    </ClCompile>
    <ClCompile Include="..\src\solo\SoloVector4.cpp">
      <Filter>src</Filter>
    </ClCompile>
    <ClCompile Include="..\src\solo\SoloMatrix.cpp">
      <Filter>src</Filter>
    </ClCompile>
    <ClCompile Include="..\src\solo\SoloPlane.cpp">
      <Filter>src</Filter>
    </ClCompile>
    <ClCompile Include="..\src\solo\SoloBoundingSphere.cpp">
      <Filter>src</Filter>
    </ClCompile>
    <ClCompile Include="..\src\solo\SoloBoundingBox.cpp">
      <Filter>src</Filter>
    </ClCompile>
    <ClCompile Include="..\src\solo\SoloRay.cpp">
      <Filter>src</Filter>
    </ClCompile>
    <ClCompile Include="..\src\solo\SoloFrustum.cpp">
      <Filter>src</Filter>
    </ClCompile>
    <ClCompile Include="..\src\solo\SoloTransform.cpp">
      <Filter>src</Filter>
    </ClCompile>
    <ClCompile Include="..\src\solo\SoloCamera.cpp">
      <Filter>src</Filter>
    </ClCompile>
    <ClCompile Include="..\src\solo\SoloEffect.cpp">
      <Filter>src</Filter>
    </ClCompile>
    <ClCompile Include="..\src\solo\SoloMesh.cpp">
      <Filter>src</Filter>
    </ClCompile>
    <ClCompile Include="..\src\solo\SoloQuaternion.cpp">
      <Filter>src</Filter>
    </ClCompile>
    <ClCompile Include="..\src\solo\SoloBase.cpp">
      <Filter>src</Filter>
    </ClCompile>
    <ClCompile Include="..\src\solo\SoloNode.cpp">
      <Filter>src</Filter>
    </ClCompile>
    <ClCompile Include="..\src\solo\SoloTexture.cpp">
      <Filter>src</Filter>
    </ClCompile>
    <ClCompile Include="..\src\solo\SoloPngImageLoader.cpp">
      <Filter>src</Filter>
    </ClCompile>
    <ClCompile Include="..\src\solo\SoloSpectator.cpp">
      <Filter>src</Filter>
    </ClCompile>
    <ClCompile Include="..\src\solo\SoloCubeTexture.cpp">
      <Filter>src</Filter>
    </ClCompile>
    <ClCompile Include="..\src\solo\SoloSkyboxRenderer.cpp">
      <Filter>src</Filter>
    </ClCompile>
    <ClCompile Include="..\src\solo\SoloMeshRenderer.cpp">
      <Filter>src</Filter>
    </ClCompile>
    <ClCompile Include="..\src\solo\SoloObjMeshLoader.cpp">
      <Filter>src</Filter>
    </ClCompile>
    <ClCompile Include="..\src\solo\SoloLogger.cpp">
      <Filter>src</Filter>
    </ClCompile>
    <ClCompile Include="..\src\solo\SoloRenderer.cpp">
      <Filter>src</Filter>
    </ClCompile>
    <ClCompile Include="..\src\solo\SoloFrameBuffer.cpp">
      <Filter>src</Filter>
    </ClCompile>
    <ClCompile Include="..\src\solo\SoloAssetLoader.cpp">
      <Filter>src</Filter>
    </ClCompile>
    <ClCompile Include="..\src\solo\SoloRadian.cpp">
      <Filter>src</Filter>
    </ClCompile>
    <ClCompile Include="..\src\solo\SoloDegree.cpp">
      <Filter>src</Filter>
    </ClCompile>
    <ClCompile Include="..\src\solo\SoloTrueTypeFont.cpp">
      <Filter>src</Filter>
    </ClCompile>
    <ClCompile Include="..\src\solo\SoloFontRenderer.cpp">
      <Filter>src</Filter>
    </ClCompile>
    <ClCompile Include="..\src\solo\platform\sdl\SoloSDLDevice.cpp">
      <Filter>src\platform\sdl</Filter>
    </ClCompile>
    <ClCompile Include="..\src\solo\SoloRectTexture.cpp">
      <Filter>src</Filter>
    </ClCompile>
    <ClCompile Include="..\src\solo\platform\bullet\SoloBulletBoxCollider.cpp">
      <Filter>src\platform\bullet</Filter>
    </ClCompile>
    <ClCompile Include="..\src\solo\platform\bullet\SoloBulletPhysics.cpp">
      <Filter>src\platform\bullet</Filter>
    </ClCompile>
    <ClCompile Include="..\src\solo\platform\bullet\SoloBulletRigidBody.cpp">
      <Filter>src\platform\bullet</Filter>
    </ClCompile>
    <ClCompile Include="..\src\solo\SoloBoxCollider.cpp">
      <Filter>src</Filter>
    </ClCompile>
    <ClCompile Include="..\src\solo\SoloPhysics.cpp">
      <Filter>src</Filter>
    </ClCompile>
    <ClCompile Include="..\src\solo\SoloRigidBody.cpp">
      <Filter>src</Filter>
    </ClCompile>
    <ClCompile Include="..\src\solo\SoloTransformMatrix.cpp">
      <Filter>src</Filter>
    </ClCompile>
    <ClCompile Include="..\src\solo\SoloScriptRuntime.cpp">
      <Filter>src</Filter>
    </ClCompile>
    <ClCompile Include="..\src\solo\platform\lua\SoloLuaScriptRuntime.cpp">
      <Filter>src\platform\lua</Filter>
    </ClCompile>
    <ClCompile Include="..\src\solo\platform\lua\SoloLuaCommon.h">
      <Filter>src\platform\lua</Filter>
    </ClCompile>
    <ClCompile Include="..\src\solo\platform\lua\SoloLuaScriptComponent.cpp">
      <Filter>src\platform\lua</Filter>
    </ClCompile>
    <ClCompile Include="..\src\solo\platform\lua\SoloLuaTransformApi.cpp">
      <Filter>src\platform\lua</Filter>
    </ClCompile>
    <ClCompile Include="..\src\solo\platform\lua\SoloLuaTextureApi.cpp">
      <Filter>src\platform\lua</Filter>
    </ClCompile>
    <ClCompile Include="..\src\solo\platform\lua\SoloLuaMathApi.cpp">
      <Filter>src\platform\lua</Filter>
    </ClCompile>
    <ClCompile Include="..\src\solo\platform\lua\SoloLuaNodeComponentApi.cpp">
      <Filter>src\platform\lua</Filter>
    </ClCompile>
    <ClCompile Include="..\src\solo\platform\lua\SoloLuaEnumsApi.cpp">
      <Filter>src\platform\lua</Filter>
    </ClCompile>
    <ClCompile Include="..\src\solo\platform\lua\SoloLuaCameraApi.cpp">
      <Filter>src\platform\lua</Filter>
    </ClCompile>
    <ClCompile Include="..\src\solo\platform\lua\SoloLuaMaterialApi.cpp">
      <Filter>src\platform\lua</Filter>
    </ClCompile>
    <ClCompile Include="..\src\solo\platform\lua\SoloLuaDeviceApi.cpp">
      <Filter>src\platform\lua</Filter>
    </ClCompile>
    <ClCompile Include="..\src\solo\platform\lua\SoloLuaPhysicsApi.cpp">
      <Filter>src\platform\lua</Filter>
    </ClCompile>
    <ClCompile Include="..\src\solo\platform\lua\SoloLuaMiscApi.cpp">
      <Filter>src\platform\lua</Filter>
    </ClCompile>
    <ClCompile Include="..\src\solo\platform\lua\SoloLuaMeshApi.cpp">
      <Filter>src\platform\lua</Filter>
    </ClCompile>
    <ClCompile Include="..\src\solo\platform\lua\SoloLuaFontApi.cpp">
      <Filter>src\platform\lua</Filter>
    </ClCompile>
    <ClCompile Include="..\src\solo\platform\gl\SoloOpenGLCamera.cpp">
      <Filter>src\platform\gl</Filter>
    </ClCompile>
    <ClCompile Include="..\src\solo\platform\gl\SoloOpenGLCubeTexture.cpp">
      <Filter>src\platform\gl</Filter>
    </ClCompile>
    <ClCompile Include="..\src\solo\platform\gl\SoloOpenGLEffect.cpp">
      <Filter>src\platform\gl</Filter>
    </ClCompile>
    <ClCompile Include="..\src\solo\platform\gl\SoloOpenGLFrameBuffer.cpp">
      <Filter>src\platform\gl</Filter>
    </ClCompile>
    <ClCompile Include="..\src\solo\platform\gl\SoloOpenGLMaterial.cpp">
      <Filter>src\platform\gl</Filter>
    </ClCompile>
    <ClCompile Include="..\src\solo\platform\gl\SoloOpenGLMesh.cpp">
      <Filter>src\platform\gl</Filter>
    </ClCompile>
    <ClCompile Include="..\src\solo\platform\gl\SoloOpenGLPrefabShaders.cpp">
      <Filter>src\platform\gl</Filter>
    </ClCompile>
    <ClCompile Include="..\src\solo\platform\gl\SoloOpenGLRectTexture.cpp">
      <Filter>src\platform\gl</Filter>
    </ClCompile>
    <ClCompile Include="..\src\solo\platform\gl\SoloOpenGLRenderer.cpp">
      <Filter>src\platform\gl</Filter>
    </ClCompile>
    <ClCompile Include="..\src\solo\platform\gl\SoloSDLOpenGLDevice.cpp">
      <Filter>src\platform\gl</Filter>
    </ClCompile>
    <ClCompile Include="..\src\solo\platform\vk\SoloSDLVulkanDevice.cpp">
      <Filter>src\platform\vk</Filter>
    </ClCompile>
    <ClCompile Include="..\src\solo\platform\vk\SoloVulkan.cpp">
      <Filter>src\platform\vk</Filter>
    </ClCompile>
    <ClCompile Include="..\src\solo\platform\vk\SoloVulkanCamera.cpp">
      <Filter>src\platform\vk</Filter>
    </ClCompile>
    <ClCompile Include="..\src\solo\platform\vk\SoloVulkanRenderer.cpp">
      <Filter>src\platform\vk</Filter>
    </ClCompile>
    <ClCompile Include="..\src\solo\platform\vk\SoloVulkanRenderPass.cpp">
      <Filter>src\platform\vk</Filter>
    </ClCompile>
    <ClCompile Include="..\src\solo\platform\vk\SoloVulkanSwapchain.cpp">
      <Filter>src\platform\vk</Filter>
    </ClCompile>
    <ClCompile Include="..\src\solo\platform\vk\SoloVulkanPipeline.cpp">
      <Filter>src\platform\vk</Filter>
    </ClCompile>
    <ClCompile Include="..\src\solo\platform\vk\SoloVulkanDescriptorPool.cpp">
      <Filter>src\platform\vk</Filter>
    </ClCompile>
    <ClCompile Include="..\src\solo\platform\vk\SoloVulkanDescriptorSetLayoutBuilder.cpp">
      <Filter>src\platform\vk</Filter>
    </ClCompile>
    <ClCompile Include="..\src\solo\platform\vk\SoloVulkanBuffer.cpp">
      <Filter>src\platform\vk</Filter>
    </ClCompile>
    <ClCompile Include="..\src\solo\platform\vk\SoloVulkanMesh.cpp">
      <Filter>src\platform\vk</Filter>
    </ClCompile>
  </ItemGroup>
  <ItemGroup>
    <Filter Include="include">
      <UniqueIdentifier>{518ca716-5190-408d-b9a3-f5f373d3f8fd}</UniqueIdentifier>
    </Filter>
    <Filter Include="src">
      <UniqueIdentifier>{51a992ed-ff70-41ea-960d-564482663af1}</UniqueIdentifier>
    </Filter>
    <Filter Include="src\platform">
      <UniqueIdentifier>{19865fe9-5ca9-4b65-8e94-a5c33cfc767f}</UniqueIdentifier>
    </Filter>
    <Filter Include="src\platform\sdl">
      <UniqueIdentifier>{b38df00b-fb0f-438f-98a3-7abc58dff698}</UniqueIdentifier>
    </Filter>
    <Filter Include="src\platform\bullet">
      <UniqueIdentifier>{fbe98db1-e9c5-496b-bbf0-8fcc359cccf8}</UniqueIdentifier>
    </Filter>
    <Filter Include="src\platform\null">
      <UniqueIdentifier>{a2160cc5-f9a6-47d6-b537-be79b1e819d7}</UniqueIdentifier>
    </Filter>
    <Filter Include="src\platform\lua">
      <UniqueIdentifier>{c148a0ea-cc02-4c45-94c2-63b99310c624}</UniqueIdentifier>
    </Filter>
    <Filter Include="src\platform\gl">
      <UniqueIdentifier>{f14878d2-f3e0-46aa-8dde-49cd0692f7f9}</UniqueIdentifier>
    </Filter>
    <Filter Include="src\platform\vk">
      <UniqueIdentifier>{922994a2-1ba2-4c0e-bb85-b3e9b991e6dc}</UniqueIdentifier>
    </Filter>
  </ItemGroup>
</Project>