
Microsoft Visual Studio Solution File, Format Version 12.00
# Visual Studio 14
VisualStudioVersion = 14.0.25420.1
MinimumVisualStudioVersion = 10.0.40219.1
Project("{8BC9CEB8-8B4A-11D0-8D11-00A0C91BC942}") = "Solo", "Solo.msvc2015.vcxproj", "{278CAB21-1CAB-49AD-9959-6F97743501FB}"
EndProject
Project("{8BC9CEB8-8B4A-11D0-8D11-00A0C91BC942}") = "Tester", "Tester.msvc2015.vcxproj", "{58722071-4BF8-42EC-A319-203DB5744A29}"
EndProject
Project("{8BC9CEB8-8B4A-11D0-8D11-00A0C91BC942}") = "Demo1", "Demo1.msvc2015.vcxproj", "{0638BB7A-18DF-4B85-9963-A6811F37F5BB}"
EndProject
Project("{8BC9CEB8-8B4A-11D0-8D11-00A0C91BC942}") = "Demo2", "Demo2.msvc2015.vcxproj", "{467887EF-D3D3-4853-94D4-7322855262DE}"
EndProject
Project("{8BC9CEB8-8B4A-11D0-8D11-00A0C91BC942}") = "Demo3", "Demo3.msvc2015.vcxproj", "{F6E164AF-95C8-4A14-9924-323487B62225}"
EndProject
Project("{8BC9CEB8-8B4A-11D0-8D11-00A0C91BC942}") = "Demo4", "Demo4.msvc2015.vcxproj", "{9B585703-6914-42C1-8748-BC6DF68F4C4B}"
EndProject
Project("{8BC9CEB8-8B4A-11D0-8D11-00A0C91BC942}") = "Demo5", "Demo5.msvc2015.vcxproj", "{40E64E42-215E-4CBD-B01A-78C4F92220C8}"
EndProject
Global
	GlobalSection(SolutionConfigurationPlatforms) = preSolution
		Debug|x64 = Debug|x64
		Debug|x86 = Debug|x86
		Release|x64 = Release|x64
		Release|x86 = Release|x86
	EndGlobalSection
	GlobalSection(ProjectConfigurationPlatforms) = postSolution
		{278CAB21-1CAB-49AD-9959-6F97743501FB}.Debug|x64.ActiveCfg = Debug|x64
		{278CAB21-1CAB-49AD-9959-6F97743501FB}.Debug|x64.Build.0 = Debug|x64
		{278CAB21-1CAB-49AD-9959-6F97743501FB}.Debug|x86.ActiveCfg = Debug|x64
		{278CAB21-1CAB-49AD-9959-6F97743501FB}.Release|x64.ActiveCfg = Release|x64
		{278CAB21-1CAB-49AD-9959-6F97743501FB}.Release|x64.Build.0 = Release|x64
		{278CAB21-1CAB-49AD-9959-6F97743501FB}.Release|x86.ActiveCfg = Release|x64
		{58722071-4BF8-42EC-A319-203DB5744A29}.Debug|x64.ActiveCfg = Debug|x64
		{58722071-4BF8-42EC-A319-203DB5744A29}.Debug|x64.Build.0 = Debug|x64
		{58722071-4BF8-42EC-A319-203DB5744A29}.Debug|x86.ActiveCfg = Debug|Win32
		{58722071-4BF8-42EC-A319-203DB5744A29}.Debug|x86.Build.0 = Debug|Win32
		{58722071-4BF8-42EC-A319-203DB5744A29}.Release|x64.ActiveCfg = Release|x64
		{58722071-4BF8-42EC-A319-203DB5744A29}.Release|x64.Build.0 = Release|x64
		{58722071-4BF8-42EC-A319-203DB5744A29}.Release|x86.ActiveCfg = Release|Win32
		{58722071-4BF8-42EC-A319-203DB5744A29}.Release|x86.Build.0 = Release|Win32
		{0638BB7A-18DF-4B85-9963-A6811F37F5BB}.Debug|x64.ActiveCfg = Debug|x64
		{0638BB7A-18DF-4B85-9963-A6811F37F5BB}.Debug|x64.Build.0 = Debug|x64
		{0638BB7A-18DF-4B85-9963-A6811F37F5BB}.Debug|x86.ActiveCfg = Debug|Win32
		{0638BB7A-18DF-4B85-9963-A6811F37F5BB}.Debug|x86.Build.0 = Debug|Win32
		{0638BB7A-18DF-4B85-9963-A6811F37F5BB}.Release|x64.ActiveCfg = Release|x64
		{0638BB7A-18DF-4B85-9963-A6811F37F5BB}.Release|x64.Build.0 = Release|x64
		{0638BB7A-18DF-4B85-9963-A6811F37F5BB}.Release|x86.ActiveCfg = Release|Win32
		{0638BB7A-18DF-4B85-9963-A6811F37F5BB}.Release|x86.Build.0 = Release|Win32
		{467887EF-D3D3-4853-94D4-7322855262DE}.Debug|x64.ActiveCfg = Debug|x64
		{467887EF-D3D3-4853-94D4-7322855262DE}.Debug|x64.Build.0 = Debug|x64
		{467887EF-D3D3-4853-94D4-7322855262DE}.Debug|x86.ActiveCfg = Debug|Win32
		{467887EF-D3D3-4853-94D4-7322855262DE}.Debug|x86.Build.0 = Debug|Win32
		{467887EF-D3D3-4853-94D4-7322855262DE}.Release|x64.ActiveCfg = Release|x64
		{467887EF-D3D3-4853-94D4-7322855262DE}.Release|x64.Build.0 = Release|x64
		{467887EF-D3D3-4853-94D4-7322855262DE}.Release|x86.ActiveCfg = Release|Win32
		{467887EF-D3D3-4853-94D4-7322855262DE}.Release|x86.Build.0 = Release|Win32
		{F6E164AF-95C8-4A14-9924-323487B62225}.Debug|x64.ActiveCfg = Debug|x64
		{F6E164AF-95C8-4A14-9924-323487B62225}.Debug|x64.Build.0 = Debug|x64
		{F6E164AF-95C8-4A14-9924-323487B62225}.Debug|x86.ActiveCfg = Debug|Win32
		{F6E164AF-95C8-4A14-9924-323487B62225}.Debug|x86.Build.0 = Debug|Win32
		{F6E164AF-95C8-4A14-9924-323487B62225}.Release|x64.ActiveCfg = Release|x64
		{F6E164AF-95C8-4A14-9924-323487B62225}.Release|x64.Build.0 = Release|x64
		{F6E164AF-95C8-4A14-9924-323487B62225}.Release|x86.ActiveCfg = Release|Win32
		{F6E164AF-95C8-4A14-9924-323487B62225}.Release|x86.Build.0 = Release|Win32
		{9B585703-6914-42C1-8748-BC6DF68F4C4B}.Debug|x64.ActiveCfg = Debug|x64
		{9B585703-6914-42C1-8748-BC6DF68F4C4B}.Debug|x64.Build.0 = Debug|x64
		{9B585703-6914-42C1-8748-BC6DF68F4C4B}.Debug|x86.ActiveCfg = Debug|Win32
		{9B585703-6914-42C1-8748-BC6DF68F4C4B}.Debug|x86.Build.0 = Debug|Win32
		{9B585703-6914-42C1-8748-BC6DF68F4C4B}.Release|x64.ActiveCfg = Release|x64
		{9B585703-6914-42C1-8748-BC6DF68F4C4B}.Release|x64.Build.0 = Release|x64
		{9B585703-6914-42C1-8748-BC6DF68F4C4B}.Release|x86.ActiveCfg = Release|Win32
		{9B585703-6914-42C1-8748-BC6DF68F4C4B}.Release|x86.Build.0 = Release|Win32
		{40E64E42-215E-4CBD-B01A-78C4F92220C8}.Debug|x64.ActiveCfg = Debug|x64
		{40E64E42-215E-4CBD-B01A-78C4F92220C8}.Debug|x64.Build.0 = Debug|x64
		{40E64E42-215E-4CBD-B01A-78C4F92220C8}.Debug|x86.ActiveCfg = Debug|Win32
		{40E64E42-215E-4CBD-B01A-78C4F92220C8}.Debug|x86.Build.0 = Debug|Win32
		{40E64E42-215E-4CBD-B01A-78C4F92220C8}.Release|x64.ActiveCfg = Release|x64
		{40E64E42-215E-4CBD-B01A-78C4F92220C8}.Release|x64.Build.0 = Release|x64
		{40E64E42-215E-4CBD-B01A-78C4F92220C8}.Release|x86.ActiveCfg = Release|Win32
		{40E64E42-215E-4CBD-B01A-78C4F92220C8}.Release|x86.Build.0 = Release|Win32
	EndGlobalSection
	GlobalSection(SolutionProperties) = preSolution
		HideSolutionNode = FALSE
	EndGlobalSection
EndGlobal
