<?xml version="1.0" encoding="utf-8"?>
<Project ToolsVersion="4.0" xmlns="http://schemas.microsoft.com/developer/msbuild/2003">
  <ItemGroup>
    <ClInclude Include="..\src\solo\bullet\SoloBulletBoxCollider.h">
      <Filter>bullet</Filter>
    </ClInclude>
    <ClInclude Include="..\src\solo\bullet\SoloBulletCollider.h">
      <Filter>bullet</Filter>
    </ClInclude>
    <ClInclude Include="..\src\solo\bullet\SoloBulletCommon.h">
      <Filter>bullet</Filter>
    </ClInclude>
    <ClInclude Include="..\src\solo\bullet\SoloBulletPhysics.h">
      <Filter>bullet</Filter>
    </ClInclude>
    <ClInclude Include="..\src\solo\bullet\SoloBulletRigidBody.h">
      <Filter>bullet</Filter>
    </ClInclude>
    <ClInclude Include="..\src\solo\gl\SoloOpenGL.h">
      <Filter>gl</Filter>
    </ClInclude>
    <ClInclude Include="..\src\solo\gl\SoloOpenGLEffect.h">
      <Filter>gl</Filter>
    </ClInclude>
    <ClInclude Include="..\src\solo\gl\SoloOpenGLFrameBuffer.h">
      <Filter>gl</Filter>
    </ClInclude>
    <ClInclude Include="..\src\solo\gl\SoloOpenGLMaterial.h">
      <Filter>gl</Filter>
    </ClInclude>
    <ClInclude Include="..\src\solo\gl\SoloOpenGLMesh.h">
      <Filter>gl</Filter>
    </ClInclude>
    <ClInclude Include="..\src\solo\gl\SoloOpenGLPrefabShaders.h">
      <Filter>gl</Filter>
    </ClInclude>
    <ClInclude Include="..\src\solo\gl\SoloOpenGLRenderer.h">
      <Filter>gl</Filter>
    </ClInclude>
    <ClInclude Include="..\src\solo\gl\SoloOpenGLTexture.h">
      <Filter>gl</Filter>
    </ClInclude>
    <ClInclude Include="..\src\solo\gl\SoloSDLOpenGLDevice.h">
      <Filter>gl</Filter>
    </ClInclude>
    <ClInclude Include="..\src\solo\lua\SoloLuaCommon.h">
      <Filter>lua</Filter>
    </ClInclude>
    <ClInclude Include="..\src\solo\lua\SoloLuaScriptComponent.h">
      <Filter>lua</Filter>
    </ClInclude>
    <ClInclude Include="..\src\solo\lua\SoloLuaScriptRuntime.h">
      <Filter>lua</Filter>
    </ClInclude>
    <ClInclude Include="..\src\solo\null\SoloNullDevice.h">
      <Filter>null</Filter>
    </ClInclude>
    <ClInclude Include="..\src\solo\null\SoloNullEffect.h">
      <Filter>null</Filter>
    </ClInclude>
    <ClInclude Include="..\src\solo\null\SoloNullFileSystem.h">
      <Filter>null</Filter>
    </ClInclude>
    <ClInclude Include="..\src\solo\null\SoloNullFrameBuffer.h">
      <Filter>null</Filter>
    </ClInclude>
    <ClInclude Include="..\src\solo\null\SoloNullMaterial.h">
      <Filter>null</Filter>
    </ClInclude>
    <ClInclude Include="..\src\solo\null\SoloNullMesh.h">
      <Filter>null</Filter>
    </ClInclude>
    <ClInclude Include="..\src\solo\null\SoloNullRenderer.h">
      <Filter>null</Filter>
    </ClInclude>
    <ClInclude Include="..\src\solo\sdl\SoloSDLDevice.h">
      <Filter>sdl</Filter>
    </ClInclude>
    <ClInclude Include="..\src\solo\sdl\SoloSDLInputMaps.h">
      <Filter>sdl</Filter>
    </ClInclude>
    <ClInclude Include="..\src\solo\vk\SoloSDLVulkanDevice.h">
      <Filter>vk</Filter>
    </ClInclude>
    <ClInclude Include="..\src\solo\vk\SoloVulkan.h">
      <Filter>vk</Filter>
    </ClInclude>
    <ClInclude Include="..\src\solo\vk\SoloVulkanBuffer.h">
      <Filter>vk</Filter>
    </ClInclude>
    <ClInclude Include="..\src\solo\vk\SoloVulkanDescriptorPool.h">
      <Filter>vk</Filter>
    </ClInclude>
    <ClInclude Include="..\src\solo\vk\SoloVulkanDescriptorSetLayoutBuilder.h">
      <Filter>vk</Filter>
    </ClInclude>
    <ClInclude Include="..\src\solo\vk\SoloVulkanEffect.h">
      <Filter>vk</Filter>
    </ClInclude>
    <ClInclude Include="..\src\solo\vk\SoloVulkanMaterial.h">
      <Filter>vk</Filter>
    </ClInclude>
    <ClInclude Include="..\src\solo\vk\SoloVulkanMesh.h">
      <Filter>vk</Filter>
    </ClInclude>
    <ClInclude Include="..\src\solo\vk\SoloVulkanPipeline.h">
      <Filter>vk</Filter>
    </ClInclude>
    <ClInclude Include="..\src\solo\vk\SoloVulkanRenderer.h">
      <Filter>vk</Filter>
    </ClInclude>
    <ClInclude Include="..\src\solo\vk\SoloVulkanRenderPass.h">
      <Filter>vk</Filter>
    </ClInclude>
    <ClInclude Include="..\src\solo\vk\SoloVulkanSwapchain.h">
      <Filter>vk</Filter>
    </ClInclude>
    <ClInclude Include="..\src\solo\vk\SoloVulkanResource.h">
      <Filter>vk</Filter>
    </ClInclude>
    <ClInclude Include="..\src\solo\vk\SoloVulkanImage.h">
      <Filter>vk</Filter>
    </ClInclude>
    <ClInclude Include="..\src\solo\stb\SoloStbTrueTypeFont.h">
      <Filter>stb</Filter>
    </ClInclude>
    <ClInclude Include="..\src\solo\SoloSpinLock.h" />
    <ClInclude Include="..\src\solo\SoloBoxCollider.h" />
    <ClInclude Include="..\src\solo\SoloCamera.h" />
    <ClInclude Include="..\src\solo\SoloCollider.h" />
    <ClInclude Include="..\src\solo\SoloCommon.h" />
    <ClInclude Include="..\src\solo\SoloComponent.h" />
    <ClInclude Include="..\src\solo\SoloDegree.h" />
    <ClInclude Include="..\src\solo\SoloDevice.h" />
    <ClInclude Include="..\src\solo\SoloDeviceSetup.h" />
    <ClInclude Include="..\src\solo\SoloEffect.h" />
    <ClInclude Include="..\src\solo\SoloFileSystem.h" />
    <ClInclude Include="..\src\solo\SoloFont.h" />
    <ClInclude Include="..\src\solo\SoloFontRenderer.h" />
    <ClInclude Include="..\src\solo\SoloFormatter.h" />
    <ClInclude Include="..\src\solo\SoloFrameBuffer.h" />
    <ClInclude Include="..\src\solo\SoloLogger.h" />
    <ClInclude Include="..\src\solo\SoloMaterial.h" />
    <ClInclude Include="..\src\solo\SoloMath.h" />
    <ClInclude Include="..\src\solo\SoloMatrix.h" />
    <ClInclude Include="..\src\solo\SoloMesh.h" />
    <ClInclude Include="..\src\solo\SoloMeshRenderer.h" />
    <ClInclude Include="..\src\solo\SoloNode.h" />
    <ClInclude Include="..\src\solo\SoloPhysics.h" />
    <ClInclude Include="..\src\solo\SoloQuaternion.h" />
    <ClInclude Include="..\src\solo\SoloRadian.h" />
    <ClInclude Include="..\src\solo\SoloRay.h" />
    <ClInclude Include="..\src\solo\SoloRenderCommand.h" />
    <ClInclude Include="..\src\solo\SoloRenderer.h" />
    <ClInclude Include="..\src\solo\SoloRigidBody.h" />
    <ClInclude Include="..\src\solo\SoloScene.h" />
    <ClInclude Include="..\src\solo\SoloScriptRuntime.h" />
    <ClInclude Include="..\src\solo\SoloSkyboxRenderer.h" />
    <ClInclude Include="..\src\solo\SoloSpectator.h" />
    <ClInclude Include="..\src\solo\SoloTexture.h" />
    <ClInclude Include="..\src\solo\SoloTransform.h" />
    <ClInclude Include="..\src\solo\SoloVector2.h" />
    <ClInclude Include="..\src\solo\SoloVector3.h" />
    <ClInclude Include="..\src\solo\SoloVector4.h" />
    <ClInclude Include="..\src\solo\SoloVertexFormat.h" />
    <ClInclude Include="..\src\solo\SoloStringUtils.h" />
    <ClInclude Include="..\src\solo\SoloTextureData.h" />
    <ClInclude Include="..\src\solo\vk\SoloVulkanDescriptorSetUpdater.h">
      <Filter>vk</Filter>
    </ClInclude>
    <ClInclude Include="..\src\solo\vk\SoloVulkanTexture.h">
      <Filter>vk</Filter>
    </ClInclude>
    <ClInclude Include="..\src\solo\null\SoloNullTexture.h">
      <Filter>null</Filter>
    </ClInclude>
    <ClInclude Include="..\src\solo\stb\SoloStbTextureData.h">
      <Filter>stb</Filter>
    </ClInclude>
    <ClInclude Include="..\src\solo\obj\SoloObjMeshLoading.h">
      <Filter>obj</Filter>
    </ClInclude>
    <ClInclude Include="..\src\solo\SoloHash.h" />
    <ClInclude Include="..\src\solo\SoloJobPool.h" />
    <ClInclude Include="..\src\solo\SoloAsyncHandle.h" />
    <ClInclude Include="..\src\solo\SoloMap.h" />
  </ItemGroup>
  <ItemGroup>
    <ClCompile Include="..\src\solo\bullet\SoloBulletBoxCollider.cpp">
      <Filter>bullet</Filter>
    </ClCompile>
    <ClCompile Include="..\src\solo\bullet\SoloBulletPhysics.cpp">
      <Filter>bullet</Filter>
    </ClCompile>
    <ClCompile Include="..\src\solo\bullet\SoloBulletRigidBody.cpp">
      <Filter>bullet</Filter>
    </ClCompile>
    <ClCompile Include="..\src\solo\gl\SoloOpenGLEffect.cpp">
      <Filter>gl</Filter>
    </ClCompile>
    <ClCompile Include="..\src\solo\gl\SoloOpenGLFrameBuffer.cpp">
      <Filter>gl</Filter>
    </ClCompile>
    <ClCompile Include="..\src\solo\gl\SoloOpenGLMaterial.cpp">
      <Filter>gl</Filter>
    </ClCompile>
    <ClCompile Include="..\src\solo\gl\SoloOpenGLMesh.cpp">
      <Filter>gl</Filter>
    </ClCompile>
    <ClCompile Include="..\src\solo\gl\SoloOpenGLPrefabShaders.cpp">
      <Filter>gl</Filter>
    </ClCompile>
    <ClCompile Include="..\src\solo\gl\SoloOpenGLRenderer.cpp">
      <Filter>gl</Filter>
    </ClCompile>
    <ClCompile Include="..\src\solo\gl\SoloOpenGLTexture.cpp">
      <Filter>gl</Filter>
    </ClCompile>
    <ClCompile Include="..\src\solo\gl\SoloSDLOpenGLDevice.cpp">
      <Filter>gl</Filter>
    </ClCompile>
    <ClCompile Include="..\src\solo\lua\SoloLuaCameraApi.cpp">
      <Filter>lua</Filter>
    </ClCompile>
    <ClCompile Include="..\src\solo\lua\SoloLuaDeviceApi.cpp">
      <Filter>lua</Filter>
    </ClCompile>
    <ClCompile Include="..\src\solo\lua\SoloLuaEnumsApi.cpp">
      <Filter>lua</Filter>
    </ClCompile>
    <ClCompile Include="..\src\solo\lua\SoloLuaFontApi.cpp">
      <Filter>lua</Filter>
    </ClCompile>
    <ClCompile Include="..\src\solo\lua\SoloLuaMaterialApi.cpp">
      <Filter>lua</Filter>
    </ClCompile>
    <ClCompile Include="..\src\solo\lua\SoloLuaMathApi.cpp">
      <Filter>lua</Filter>
    </ClCompile>
    <ClCompile Include="..\src\solo\lua\SoloLuaMeshApi.cpp">
      <Filter>lua</Filter>
    </ClCompile>
    <ClCompile Include="..\src\solo\lua\SoloLuaMiscApi.cpp">
      <Filter>lua</Filter>
    </ClCompile>
    <ClCompile Include="..\src\solo\lua\SoloLuaNodeComponentApi.cpp">
      <Filter>lua</Filter>
    </ClCompile>
    <ClCompile Include="..\src\solo\lua\SoloLuaPhysicsApi.cpp">
      <Filter>lua</Filter>
    </ClCompile>
    <ClCompile Include="..\src\solo\lua\SoloLuaScriptComponent.cpp">
      <Filter>lua</Filter>
    </ClCompile>
    <ClCompile Include="..\src\solo\lua\SoloLuaScriptRuntime.cpp">
      <Filter>lua</Filter>
    </ClCompile>
    <ClCompile Include="..\src\solo\lua\SoloLuaTextureApi.cpp">
      <Filter>lua</Filter>
    </ClCompile>
    <ClCompile Include="..\src\solo\lua\SoloLuaTransformApi.cpp">
      <Filter>lua</Filter>
    </ClCompile>
    <ClCompile Include="..\src\solo\sdl\SoloSDLDevice.cpp">
      <Filter>sdl</Filter>
    </ClCompile>
    <ClCompile Include="..\src\solo\vk\SoloSDLVulkanDevice.cpp">
      <Filter>vk</Filter>
    </ClCompile>
    <ClCompile Include="..\src\solo\vk\SoloVulkan.cpp">
      <Filter>vk</Filter>
    </ClCompile>
    <ClCompile Include="..\src\solo\vk\SoloVulkanBuffer.cpp">
      <Filter>vk</Filter>
    </ClCompile>
    <ClCompile Include="..\src\solo\vk\SoloVulkanDescriptorPool.cpp">
      <Filter>vk</Filter>
    </ClCompile>
    <ClCompile Include="..\src\solo\vk\SoloVulkanDescriptorSetLayoutBuilder.cpp">
      <Filter>vk</Filter>
    </ClCompile>
    <ClCompile Include="..\src\solo\vk\SoloVulkanEffect.cpp">
      <Filter>vk</Filter>
    </ClCompile>
    <ClCompile Include="..\src\solo\vk\SoloVulkanMaterial.cpp">
      <Filter>vk</Filter>
    </ClCompile>
    <ClCompile Include="..\src\solo\vk\SoloVulkanMesh.cpp">
      <Filter>vk</Filter>
    </ClCompile>
    <ClCompile Include="..\src\solo\vk\SoloVulkanPipeline.cpp">
      <Filter>vk</Filter>
    </ClCompile>
    <ClCompile Include="..\src\solo\vk\SoloVulkanRenderer.cpp">
      <Filter>vk</Filter>
    </ClCompile>
    <ClCompile Include="..\src\solo\vk\SoloVulkanRenderPass.cpp">
      <Filter>vk</Filter>
    </ClCompile>
    <ClCompile Include="..\src\solo\vk\SoloVulkanSwapchain.cpp">
      <Filter>vk</Filter>
    </ClCompile>
    <ClCompile Include="..\src\solo\vk\SoloVulkanImage.cpp">
      <Filter>vk</Filter>
    </ClCompile>
    <ClCompile Include="..\src\solo\stb\SoloStbTrueTypeFont.cpp">
      <Filter>stb</Filter>
    </ClCompile>
    <ClCompile Include="..\src\solo\Solo.cpp" />
    <ClCompile Include="..\src\solo\SoloBoxCollider.cpp" />
    <ClCompile Include="..\src\solo\SoloCamera.cpp" />
    <ClCompile Include="..\src\solo\SoloDegree.cpp" />
    <ClCompile Include="..\src\solo\SoloDevice.cpp" />
    <ClCompile Include="..\src\solo\SoloEffect.cpp" />
    <ClCompile Include="..\src\solo\SoloFileSystem.cpp" />
    <ClCompile Include="..\src\solo\SoloFont.cpp" />
    <ClCompile Include="..\src\solo\SoloFontRenderer.cpp" />
    <ClCompile Include="..\src\solo\SoloFrameBuffer.cpp" />
    <ClCompile Include="..\src\solo\SoloLogger.cpp" />
    <ClCompile Include="..\src\solo\SoloMaterial.cpp" />
    <ClCompile Include="..\src\solo\SoloMatrix.cpp" />
    <ClCompile Include="..\src\solo\SoloMesh.cpp" />
    <ClCompile Include="..\src\solo\SoloMeshRenderer.cpp" />
    <ClCompile Include="..\src\solo\SoloNode.cpp" />
    <ClCompile Include="..\src\solo\SoloPhysics.cpp" />
    <ClCompile Include="..\src\solo\SoloQuaternion.cpp" />
    <ClCompile Include="..\src\solo\SoloRadian.cpp" />
    <ClCompile Include="..\src\solo\SoloRay.cpp" />
    <ClCompile Include="..\src\solo\SoloRenderer.cpp" />
    <ClCompile Include="..\src\solo\SoloRigidBody.cpp" />
    <ClCompile Include="..\src\solo\SoloScene.cpp" />
    <ClCompile Include="..\src\solo\SoloScriptRuntime.cpp" />
    <ClCompile Include="..\src\solo\SoloSkyboxRenderer.cpp" />
    <ClCompile Include="..\src\solo\SoloSpectator.cpp" />
    <ClCompile Include="..\src\solo\SoloTexture.cpp" />
    <ClCompile Include="..\src\solo\SoloTransform.cpp" />
    <ClCompile Include="..\src\solo\SoloVector2.cpp" />
    <ClCompile Include="..\src\solo\SoloVector3.cpp" />
    <ClCompile Include="..\src\solo\SoloVector4.cpp" />
    <ClCompile Include="..\src\solo\SoloTextureData.cpp" />
    <ClCompile Include="..\src\solo\vk\SoloVulkanDescriptorSetUpdater.cpp">
      <Filter>vk</Filter>
    </ClCompile>
    <ClCompile Include="..\src\solo\vk\SoloVulkanTexture.cpp">
      <Filter>vk</Filter>
    </ClCompile>
    <ClCompile Include="..\src\solo\stb\SoloStbTextureData.cpp">
      <Filter>stb</Filter>
    </ClCompile>
    <ClCompile Include="..\src\solo\obj\SoloObjMeshLoading.cpp">
      <Filter>obj</Filter>
    </ClCompile>
    <ClCompile Include="..\src\solo\SoloJobPool.cpp" />
  </ItemGroup>
  <ItemGroup>
    <Filter Include="bullet">
      <UniqueIdentifier>{25ad4221-25f4-418d-80e8-cc3b513dbece}</UniqueIdentifier>
    </Filter>
    <Filter Include="gl">
      <UniqueIdentifier>{994a8b6c-4501-4fe2-a83e-6811fcd90316}</UniqueIdentifier>
    </Filter>
    <Filter Include="lua">
      <UniqueIdentifier>{5e274184-92d5-4c29-9bb7-1afd6609dad2}</UniqueIdentifier>
    </Filter>
    <Filter Include="null">
      <UniqueIdentifier>{a168d4df-3a78-4f70-8b36-db9b8edddd3e}</UniqueIdentifier>
    </Filter>
    <Filter Include="sdl">
      <UniqueIdentifier>{ba185f63-2253-47ff-a616-38da0a07bbfc}</UniqueIdentifier>
    </Filter>
    <Filter Include="stb">
      <UniqueIdentifier>{7280382c-a6ab-4d81-b829-044fcf58555f}</UniqueIdentifier>
    </Filter>
    <Filter Include="vk">
      <UniqueIdentifier>{a549a9cc-182c-4c81-ba00-370056813008}</UniqueIdentifier>
    </Filter>
    <Filter Include="obj">
      <UniqueIdentifier>{95b4ec15-ca5a-49ad-bb4c-95b20a8137cc}</UniqueIdentifier>
    </Filter>
  </ItemGroup>
</Project>