
Microsoft Visual Studio Solution File, Format Version 12.00
# Visual Studio 15
VisualStudioVersion = 15.0.26730.3
MinimumVisualStudioVersion = 10.0.40219.1
Project("{8BC9CEB8-8B4A-11D0-8D11-00A0C91BC942}") = "Solo", "Solo.vcxproj", "{278CAB21-1CAB-49AD-9959-6F97743501FB}"
	ProjectSection(ProjectDependencies) = postProject
		{085AFD38-02E2-4DF4-B3F4-2F28708CFDD1} = {085AFD38-02E2-4DF4-B3F4-2F28708CFDD1}
	EndProjectSection
EndProject
Project("{8BC9CEB8-8B4A-11D0-8D11-00A0C91BC942}") = "Solo.Vendor", "Solo.Vendor.vcxproj", "{085AFD38-02E2-4DF4-B3F4-2F28708CFDD1}"
	ProjectSection(ProjectDependencies) = postProject
		{3CA10888-FA47-4CC1-A755-121E5D480F16} = {3CA10888-FA47-4CC1-A755-121E5D480F16}
	EndProjectSection
EndProject
Project("{8BC9CEB8-8B4A-11D0-8D11-00A0C91BC942}") = "Solo.Vendor.Lua", "Solo.Vendor.Lua.vcxproj", "{3CA10888-FA47-4CC1-A755-121E5D480F16}"
EndProject
Global
	GlobalSection(SolutionConfigurationPlatforms) = preSolution
		Debug|x64 = Debug|x64
		Debug|x86 = Debug|x86
		Release|x64 = Release|x64
		Release|x86 = Release|x86
	EndGlobalSection
	GlobalSection(ProjectConfigurationPlatforms) = postSolution
		{278CAB21-1CAB-49AD-9959-6F97743501FB}.Debug|x64.ActiveCfg = Debug|x64
		{278CAB21-1CAB-49AD-9959-6F97743501FB}.Debug|x64.Build.0 = Debug|x64
		{278CAB21-1CAB-49AD-9959-6F97743501FB}.Debug|x86.ActiveCfg = Debug|x64
		{278CAB21-1CAB-49AD-9959-6F97743501FB}.Release|x64.ActiveCfg = Release|x64
		{278CAB21-1CAB-49AD-9959-6F97743501FB}.Release|x64.Build.0 = Release|x64
		{278CAB21-1CAB-49AD-9959-6F97743501FB}.Release|x86.ActiveCfg = Release|x64
		{085AFD38-02E2-4DF4-B3F4-2F28708CFDD1}.Debug|x64.ActiveCfg = Debug|x64
		{085AFD38-02E2-4DF4-B3F4-2F28708CFDD1}.Debug|x64.Build.0 = Debug|x64
		{085AFD38-02E2-4DF4-B3F4-2F28708CFDD1}.Debug|x86.ActiveCfg = Debug|x64
		{085AFD38-02E2-4DF4-B3F4-2F28708CFDD1}.Release|x64.ActiveCfg = Release|x64
		{085AFD38-02E2-4DF4-B3F4-2F28708CFDD1}.Release|x64.Build.0 = Release|x64
		{085AFD38-02E2-4DF4-B3F4-2F28708CFDD1}.Release|x86.ActiveCfg = Release|x64
		{3CA10888-FA47-4CC1-A755-121E5D480F16}.Debug|x64.ActiveCfg = Debug|x64
		{3CA10888-FA47-4CC1-A755-121E5D480F16}.Debug|x64.Build.0 = Debug|x64
		{3CA10888-FA47-4CC1-A755-121E5D480F16}.Debug|x86.ActiveCfg = Debug|x64
		{3CA10888-FA47-4CC1-A755-121E5D480F16}.Release|x64.ActiveCfg = Release|x64
		{3CA10888-FA47-4CC1-A755-121E5D480F16}.Release|x64.Build.0 = Release|x64
		{3CA10888-FA47-4CC1-A755-121E5D480F16}.Release|x86.ActiveCfg = Release|x64
	EndGlobalSection
	GlobalSection(SolutionProperties) = preSolution
		HideSolutionNode = FALSE
	EndGlobalSection
	GlobalSection(ExtensibilityGlobals) = postSolution
		SolutionGuid = {95539527-FBDC-4FCB-B040-A23827AFA657}
	EndGlobalSection
EndGlobal
