<?xml version="1.0" encoding="utf-8"?>
<Project ToolsVersion="4.0" xmlns="http://schemas.microsoft.com/developer/msbuild/2003">
  <ItemGroup>
    <ClCompile Include="..\thirdparty\lua\5.3.1\lapi.c" />
    <ClCompile Include="..\thirdparty\lua\5.3.1\lauxlib.c" />
    <ClCompile Include="..\thirdparty\lua\5.3.1\lbaselib.c" />
    <ClCompile Include="..\thirdparty\lua\5.3.1\lbitlib.c" />
    <ClCompile Include="..\thirdparty\lua\5.3.1\lcode.c" />
    <ClCompile Include="..\thirdparty\lua\5.3.1\lcorolib.c" />
    <ClCompile Include="..\thirdparty\lua\5.3.1\lctype.c" />
    <ClCompile Include="..\thirdparty\lua\5.3.1\ldblib.c" />
    <ClCompile Include="..\thirdparty\lua\5.3.1\ldebug.c" />
    <ClCompile Include="..\thirdparty\lua\5.3.1\ldo.c" />
    <ClCompile Include="..\thirdparty\lua\5.3.1\ldump.c" />
    <ClCompile Include="..\thirdparty\lua\5.3.1\lfunc.c" />
    <ClCompile Include="..\thirdparty\lua\5.3.1\lgc.c" />
    <ClCompile Include="..\thirdparty\lua\5.3.1\linit.c" />
    <ClCompile Include="..\thirdparty\lua\5.3.1\liolib.c" />
    <ClCompile Include="..\thirdparty\lua\5.3.1\llex.c" />
    <ClCompile Include="..\thirdparty\lua\5.3.1\lmathlib.c" />
    <ClCompile Include="..\thirdparty\lua\5.3.1\lmem.c" />
    <ClCompile Include="..\thirdparty\lua\5.3.1\loadlib.c" />
    <ClCompile Include="..\thirdparty\lua\5.3.1\lobject.c" />
    <ClCompile Include="..\thirdparty\lua\5.3.1\lopcodes.c" />
    <ClCompile Include="..\thirdparty\lua\5.3.1\loslib.c" />
    <ClCompile Include="..\thirdparty\lua\5.3.1\lparser.c" />
    <ClCompile Include="..\thirdparty\lua\5.3.1\lstate.c" />
    <ClCompile Include="..\thirdparty\lua\5.3.1\lstring.c" />
    <ClCompile Include="..\thirdparty\lua\5.3.1\lstrlib.c" />
    <ClCompile Include="..\thirdparty\lua\5.3.1\ltable.c" />
    <ClCompile Include="..\thirdparty\lua\5.3.1\ltablib.c" />
    <ClCompile Include="..\thirdparty\lua\5.3.1\ltm.c" />
    <ClCompile Include="..\thirdparty\lua\5.3.1\lundump.c" />
    <ClCompile Include="..\thirdparty\lua\5.3.1\lutf8lib.c" />
    <ClCompile Include="..\thirdparty\lua\5.3.1\lvm.c" />
    <ClCompile Include="..\thirdparty\lua\5.3.1\lzio.c" />
  </ItemGroup>
  <ItemGroup>
    <ClInclude Include="..\thirdparty\lua\5.3.1\lapi.h" />
    <ClInclude Include="..\thirdparty\lua\5.3.1\lauxlib.h" />
    <ClInclude Include="..\thirdparty\lua\5.3.1\lcode.h" />
    <ClInclude Include="..\thirdparty\lua\5.3.1\lctype.h" />
    <ClInclude Include="..\thirdparty\lua\5.3.1\ldebug.h" />
    <ClInclude Include="..\thirdparty\lua\5.3.1\ldo.h" />
    <ClInclude Include="..\thirdparty\lua\5.3.1\lfunc.h" />
    <ClInclude Include="..\thirdparty\lua\5.3.1\lgc.h" />
    <ClInclude Include="..\thirdparty\lua\5.3.1\llex.h" />
    <ClInclude Include="..\thirdparty\lua\5.3.1\llimits.h" />
    <ClInclude Include="..\thirdparty\lua\5.3.1\lmem.h" />
    <ClInclude Include="..\thirdparty\lua\5.3.1\lobject.h" />
    <ClInclude Include="..\thirdparty\lua\5.3.1\lopcodes.h" />
    <ClInclude Include="..\thirdparty\lua\5.3.1\lparser.h" />
    <ClInclude Include="..\thirdparty\lua\5.3.1\lprefix.h" />
    <ClInclude Include="..\thirdparty\lua\5.3.1\lstate.h" />
    <ClInclude Include="..\thirdparty\lua\5.3.1\lstring.h" />
    <ClInclude Include="..\thirdparty\lua\5.3.1\ltable.h" />
    <ClInclude Include="..\thirdparty\lua\5.3.1\ltm.h" />
    <ClInclude Include="..\thirdparty\lua\5.3.1\lua.h" />
    <ClInclude Include="..\thirdparty\lua\5.3.1\lua.hpp" />
    <ClInclude Include="..\thirdparty\lua\5.3.1\luaconf.h" />
    <ClInclude Include="..\thirdparty\lua\5.3.1\lualib.h" />
    <ClInclude Include="..\thirdparty\lua\5.3.1\lundump.h" />
    <ClInclude Include="..\thirdparty\lua\5.3.1\lvm.h" />
    <ClInclude Include="..\thirdparty\lua\5.3.1\lzio.h" />
  </ItemGroup>
</Project>
