<?xml version="1.0" encoding="utf-8"?>
<Project ToolsVersion="4.0" xmlns="http://schemas.microsoft.com/developer/msbuild/2003">
  <ItemGroup>
    <ClInclude Include="..\include\Solo.h">
      <Filter>include</Filter>
    </ClInclude>
    <ClInclude Include="..\src\SDL\src\events\blank_cursor.h">
      <Filter>SDL</Filter>
    </ClInclude>
    <ClInclude Include="..\src\SDL\src\events\default_cursor.h">
      <Filter>SDL</Filter>
    </ClInclude>
    <ClInclude Include="..\src\SDL\src\audio\directsound\directx.h">
      <Filter>SDL</Filter>
    </ClInclude>
    <ClInclude Include="..\src\SDL\src\libm\math.h">
      <Filter>SDL</Filter>
    </ClInclude>
    <ClInclude Include="..\src\SDL\src\libm\math_private.h">
      <Filter>SDL</Filter>
    </ClInclude>
    <ClInclude Include="..\src\SDL\src\render\mmx.h">
      <Filter>SDL</Filter>
    </ClInclude>
    <ClInclude Include="..\src\SDL\src\audio\SDL_audio_c.h">
      <Filter>SDL</Filter>
    </ClInclude>
    <ClInclude Include="..\src\SDL\src\audio\SDL_audiodev_c.h">
      <Filter>SDL</Filter>
    </ClInclude>
    <ClInclude Include="..\src\SDL\src\audio\SDL_audiomem.h">
      <Filter>SDL</Filter>
    </ClInclude>
    <ClInclude Include="..\src\SDL\src\render\software\SDL_blendfillrect.h">
      <Filter>SDL</Filter>
    </ClInclude>
    <ClInclude Include="..\src\SDL\src\render\software\SDL_blendline.h">
      <Filter>SDL</Filter>
    </ClInclude>
    <ClInclude Include="..\src\SDL\src\render\software\SDL_blendpoint.h">
      <Filter>SDL</Filter>
    </ClInclude>
    <ClInclude Include="..\src\SDL\src\video\SDL_blit.h">
      <Filter>SDL</Filter>
    </ClInclude>
    <ClInclude Include="..\src\SDL\src\video\SDL_blit_auto.h">
      <Filter>SDL</Filter>
    </ClInclude>
    <ClInclude Include="..\src\SDL\src\video\SDL_blit_copy.h">
      <Filter>SDL</Filter>
    </ClInclude>
    <ClInclude Include="..\src\SDL\src\video\SDL_blit_slow.h">
      <Filter>SDL</Filter>
    </ClInclude>
    <ClInclude Include="..\src\SDL\src\events\SDL_clipboardevents_c.h">
      <Filter>SDL</Filter>
    </ClInclude>
    <ClInclude Include="..\src\SDL\src\audio\directsound\SDL_directsound.h">
      <Filter>SDL</Filter>
    </ClInclude>
    <ClInclude Include="..\src\SDL\src\audio\disk\SDL_diskaudio.h">
      <Filter>SDL</Filter>
    </ClInclude>
    <ClInclude Include="..\src\SDL\src\render\software\SDL_draw.h">
      <Filter>SDL</Filter>
    </ClInclude>
    <ClInclude Include="..\src\SDL\src\render\software\SDL_drawline.h">
      <Filter>SDL</Filter>
    </ClInclude>
    <ClInclude Include="..\src\SDL\src\render\software\SDL_drawpoint.h">
      <Filter>SDL</Filter>
    </ClInclude>
    <ClInclude Include="..\src\SDL\src\events\SDL_dropevents_c.h">
      <Filter>SDL</Filter>
    </ClInclude>
    <ClInclude Include="..\src\SDL\src\audio\dummy\SDL_dummyaudio.h">
      <Filter>SDL</Filter>
    </ClInclude>
    <ClInclude Include="..\src\SDL\src\SDL_error_c.h">
      <Filter>SDL</Filter>
    </ClInclude>
    <ClInclude Include="..\src\SDL\src\events\SDL_events_c.h">
      <Filter>SDL</Filter>
    </ClInclude>
    <ClInclude Include="..\src\SDL\src\events\SDL_gesture_c.h">
      <Filter>SDL</Filter>
    </ClInclude>
    <ClInclude Include="..\src\SDL\src\video\SDL_glesfuncs.h">
      <Filter>SDL</Filter>
    </ClInclude>
    <ClInclude Include="..\src\SDL\src\video\SDL_glfuncs.h">
      <Filter>SDL</Filter>
    </ClInclude>
    <ClInclude Include="..\src\SDL\src\SDL_hints_c.h">
      <Filter>SDL</Filter>
    </ClInclude>
    <ClInclude Include="..\src\SDL\src\joystick\SDL_joystick_c.h">
      <Filter>SDL</Filter>
    </ClInclude>
    <ClInclude Include="..\src\SDL\src\events\SDL_keyboard_c.h">
      <Filter>SDL</Filter>
    </ClInclude>
    <ClInclude Include="..\src\SDL\src\events\SDL_mouse_c.h">
      <Filter>SDL</Filter>
    </ClInclude>
    <ClInclude Include="..\src\SDL\src\video\dummy\SDL_nullevents_c.h">
      <Filter>SDL</Filter>
    </ClInclude>
    <ClInclude Include="..\src\SDL\src\video\dummy\SDL_nullframebuffer_c.h">
      <Filter>SDL</Filter>
    </ClInclude>
    <ClInclude Include="..\src\SDL\src\video\dummy\SDL_nullvideo.h">
      <Filter>SDL</Filter>
    </ClInclude>
    <ClInclude Include="..\src\SDL\src\video\SDL_pixels_c.h">
      <Filter>SDL</Filter>
    </ClInclude>
    <ClInclude Include="..\src\SDL\src\video\SDL_rect_c.h">
      <Filter>SDL</Filter>
    </ClInclude>
    <ClInclude Include="..\src\SDL\src\render\software\SDL_render_sw_c.h">
      <Filter>SDL</Filter>
    </ClInclude>
    <ClInclude Include="..\src\SDL\src\video\SDL_RLEaccel_c.h">
      <Filter>SDL</Filter>
    </ClInclude>
    <ClInclude Include="..\src\SDL\src\render\software\SDL_rotate.h">
      <Filter>SDL</Filter>
    </ClInclude>
    <ClInclude Include="..\src\SDL\src\render\opengl\SDL_shaders_gl.h">
      <Filter>SDL</Filter>
    </ClInclude>
    <ClInclude Include="..\src\SDL\src\video\SDL_shape_internals.h">
      <Filter>SDL</Filter>
    </ClInclude>
    <ClInclude Include="..\src\SDL\src\video\SDL_stretch_c.h">
      <Filter>SDL</Filter>
    </ClInclude>
    <ClInclude Include="..\src\SDL\src\audio\SDL_sysaudio.h">
      <Filter>SDL</Filter>
    </ClInclude>
    <ClInclude Include="..\src\SDL\src\events\SDL_sysevents.h">
      <Filter>SDL</Filter>
    </ClInclude>
    <ClInclude Include="..\src\SDL\src\haptic\SDL_syshaptic.h">
      <Filter>SDL</Filter>
    </ClInclude>
    <ClInclude Include="..\src\SDL\src\joystick\SDL_sysjoystick.h">
      <Filter>SDL</Filter>
    </ClInclude>
    <ClInclude Include="..\src\SDL\src\render\SDL_sysrender.h">
      <Filter>SDL</Filter>
    </ClInclude>
    <ClInclude Include="..\src\SDL\src\thread\SDL_systhread.h">
      <Filter>SDL</Filter>
    </ClInclude>
    <ClInclude Include="..\src\SDL\src\thread\windows\SDL_systhread_c.h">
      <Filter>SDL</Filter>
    </ClInclude>
    <ClInclude Include="..\src\SDL\src\timer\SDL_systimer.h">
      <Filter>SDL</Filter>
    </ClInclude>
    <ClInclude Include="..\src\SDL\src\video\SDL_sysvideo.h">
      <Filter>SDL</Filter>
    </ClInclude>
    <ClInclude Include="..\src\SDL\src\thread\SDL_thread_c.h">
      <Filter>SDL</Filter>
    </ClInclude>
    <ClInclude Include="..\src\SDL\src\timer\SDL_timer_c.h">
      <Filter>SDL</Filter>
    </ClInclude>
    <ClInclude Include="..\src\SDL\src\events\SDL_touch_c.h">
      <Filter>SDL</Filter>
    </ClInclude>
    <ClInclude Include="..\src\SDL\src\video\windows\SDL_vkeys.h">
      <Filter>SDL</Filter>
    </ClInclude>
    <ClInclude Include="..\src\SDL\src\audio\SDL_wave.h">
      <Filter>SDL</Filter>
    </ClInclude>
    <ClInclude Include="..\src\SDL\src\events\SDL_windowevents_c.h">
      <Filter>SDL</Filter>
    </ClInclude>
    <ClInclude Include="..\src\SDL\src\core\windows\SDL_windows.h">
      <Filter>SDL</Filter>
    </ClInclude>
    <ClInclude Include="..\src\SDL\src\video\windows\SDL_windowsclipboard.h">
      <Filter>SDL</Filter>
    </ClInclude>
    <ClInclude Include="..\src\SDL\src\video\windows\SDL_windowsevents.h">
      <Filter>SDL</Filter>
    </ClInclude>
    <ClInclude Include="..\src\SDL\src\video\windows\SDL_windowsframebuffer.h">
      <Filter>SDL</Filter>
    </ClInclude>
    <ClInclude Include="..\src\SDL\src\video\windows\SDL_windowskeyboard.h">
      <Filter>SDL</Filter>
    </ClInclude>
    <ClInclude Include="..\src\SDL\src\video\windows\SDL_windowsmessagebox.h">
      <Filter>SDL</Filter>
    </ClInclude>
    <ClInclude Include="..\src\SDL\src\video\windows\SDL_windowsmodes.h">
      <Filter>SDL</Filter>
    </ClInclude>
    <ClInclude Include="..\src\SDL\src\video\windows\SDL_windowsmouse.h">
      <Filter>SDL</Filter>
    </ClInclude>
    <ClInclude Include="..\src\SDL\src\video\windows\SDL_windowsopengl.h">
      <Filter>SDL</Filter>
    </ClInclude>
    <ClInclude Include="..\src\SDL\src\video\windows\SDL_windowsshape.h">
      <Filter>SDL</Filter>
    </ClInclude>
    <ClInclude Include="..\src\SDL\src\video\windows\SDL_windowsvideo.h">
      <Filter>SDL</Filter>
    </ClInclude>
    <ClInclude Include="..\src\SDL\src\video\windows\SDL_windowswindow.h">
      <Filter>SDL</Filter>
    </ClInclude>
    <ClInclude Include="..\src\SDL\src\audio\winmm\SDL_winmm.h">
      <Filter>SDL</Filter>
    </ClInclude>
    <ClInclude Include="..\src\SDL\src\render\SDL_yuv_sw_c.h">
      <Filter>SDL</Filter>
    </ClInclude>
    <ClInclude Include="..\src\SDL\src\video\windows\wmmsg.h">
      <Filter>SDL</Filter>
    </ClInclude>
    <ClInclude Include="..\include\SoloCommons.h">
      <Filter>include</Filter>
    </ClInclude>
    <ClInclude Include="..\include\SoloIEngine.h">
      <Filter>include</Filter>
    </ClInclude>
    <ClInclude Include="..\src\SoloCommonsInternal.h">
      <Filter>src</Filter>
    </ClInclude>
    <ClInclude Include="..\src\SoloEngine.h">
      <Filter>src</Filter>
    </ClInclude>
    <ClInclude Include="..\src\SoloLog.h">
      <Filter>src</Filter>
    </ClInclude>
    <ClInclude Include="..\include\SoloIScene.h">
      <Filter>include</Filter>
    </ClInclude>
    <ClInclude Include="..\src\SoloScene.h">
      <Filter>src</Filter>
    </ClInclude>
    <ClInclude Include="..\src\SoloDevice.h">
      <Filter>src</Filter>
    </ClInclude>
    <ClInclude Include="..\src\SoloDeviceSDL.h">
      <Filter>src</Filter>
    </ClInclude>
    <ClInclude Include="..\include\SoloIDevice.h">
      <Filter>include</Filter>
    </ClInclude>
    <ClInclude Include="..\include\SoloIEngineCallback.h">
      <Filter>include</Filter>
    </ClInclude>
    <ClInclude Include="..\src\SoloEmptyEngineCallback.h">
      <Filter>src</Filter>
    </ClInclude>
    <ClInclude Include="..\include\SoloVec3.h">
      <Filter>include</Filter>
    </ClInclude>
    <ClInclude Include="..\include\SoloMath.h">
      <Filter>include</Filter>
    </ClInclude>
    <ClInclude Include="..\include\SoloException.h">
      <Filter>include</Filter>
    </ClInclude>
  </ItemGroup>
  <ItemGroup>
    <ClCompile Include="..\src\SDL\src\libm\e_atan2.c">
      <Filter>SDL</Filter>
    </ClCompile>
    <ClCompile Include="..\src\SDL\src\libm\e_log.c">
      <Filter>SDL</Filter>
    </ClCompile>
    <ClCompile Include="..\src\SDL\src\libm\e_pow.c">
      <Filter>SDL</Filter>
    </ClCompile>
    <ClCompile Include="..\src\SDL\src\libm\e_rem_pio2.c">
      <Filter>SDL</Filter>
    </ClCompile>
    <ClCompile Include="..\src\SDL\src\libm\e_sqrt.c">
      <Filter>SDL</Filter>
    </ClCompile>
    <ClCompile Include="..\src\SDL\src\libm\k_cos.c">
      <Filter>SDL</Filter>
    </ClCompile>
    <ClCompile Include="..\src\SDL\src\libm\k_rem_pio2.c">
      <Filter>SDL</Filter>
    </ClCompile>
    <ClCompile Include="..\src\SDL\src\libm\k_sin.c">
      <Filter>SDL</Filter>
    </ClCompile>
    <ClCompile Include="..\src\SDL\src\libm\s_atan.c">
      <Filter>SDL</Filter>
    </ClCompile>
    <ClCompile Include="..\src\SDL\src\libm\s_copysign.c">
      <Filter>SDL</Filter>
    </ClCompile>
    <ClCompile Include="..\src\SDL\src\libm\s_cos.c">
      <Filter>SDL</Filter>
    </ClCompile>
    <ClCompile Include="..\src\SDL\src\libm\s_fabs.c">
      <Filter>SDL</Filter>
    </ClCompile>
    <ClCompile Include="..\src\SDL\src\libm\s_floor.c">
      <Filter>SDL</Filter>
    </ClCompile>
    <ClCompile Include="..\src\SDL\src\libm\s_scalbn.c">
      <Filter>SDL</Filter>
    </ClCompile>
    <ClCompile Include="..\src\SDL\src\libm\s_sin.c">
      <Filter>SDL</Filter>
    </ClCompile>
    <ClCompile Include="..\src\SDL\src\SDL.c">
      <Filter>SDL</Filter>
    </ClCompile>
    <ClCompile Include="..\src\SDL\src\SDL_assert.c">
      <Filter>SDL</Filter>
    </ClCompile>
    <ClCompile Include="..\src\SDL\src\atomic\SDL_atomic.c">
      <Filter>SDL</Filter>
    </ClCompile>
    <ClCompile Include="..\src\SDL\src\audio\SDL_audio.c">
      <Filter>SDL</Filter>
    </ClCompile>
    <ClCompile Include="..\src\SDL\src\audio\SDL_audiocvt.c">
      <Filter>SDL</Filter>
    </ClCompile>
    <ClCompile Include="..\src\SDL\src\audio\SDL_audiodev.c">
      <Filter>SDL</Filter>
    </ClCompile>
    <ClCompile Include="..\src\SDL\src\audio\SDL_audiotypecvt.c">
      <Filter>SDL</Filter>
    </ClCompile>
    <ClCompile Include="..\src\SDL\src\render\software\SDL_blendfillrect.c">
      <Filter>SDL</Filter>
    </ClCompile>
    <ClCompile Include="..\src\SDL\src\render\software\SDL_blendline.c">
      <Filter>SDL</Filter>
    </ClCompile>
    <ClCompile Include="..\src\SDL\src\render\software\SDL_blendpoint.c">
      <Filter>SDL</Filter>
    </ClCompile>
    <ClCompile Include="..\src\SDL\src\video\SDL_blit.c">
      <Filter>SDL</Filter>
    </ClCompile>
    <ClCompile Include="..\src\SDL\src\video\SDL_blit_0.c">
      <Filter>SDL</Filter>
    </ClCompile>
    <ClCompile Include="..\src\SDL\src\video\SDL_blit_1.c">
      <Filter>SDL</Filter>
    </ClCompile>
    <ClCompile Include="..\src\SDL\src\video\SDL_blit_A.c">
      <Filter>SDL</Filter>
    </ClCompile>
    <ClCompile Include="..\src\SDL\src\video\SDL_blit_auto.c">
      <Filter>SDL</Filter>
    </ClCompile>
    <ClCompile Include="..\src\SDL\src\video\SDL_blit_copy.c">
      <Filter>SDL</Filter>
    </ClCompile>
    <ClCompile Include="..\src\SDL\src\video\SDL_blit_N.c">
      <Filter>SDL</Filter>
    </ClCompile>
    <ClCompile Include="..\src\SDL\src\video\SDL_blit_slow.c">
      <Filter>SDL</Filter>
    </ClCompile>
    <ClCompile Include="..\src\SDL\src\video\SDL_bmp.c">
      <Filter>SDL</Filter>
    </ClCompile>
    <ClCompile Include="..\src\SDL\src\video\SDL_clipboard.c">
      <Filter>SDL</Filter>
    </ClCompile>
    <ClCompile Include="..\src\SDL\src\events\SDL_clipboardevents.c">
      <Filter>SDL</Filter>
    </ClCompile>
    <ClCompile Include="..\src\SDL\src\cpuinfo\SDL_cpuinfo.c">
      <Filter>SDL</Filter>
    </ClCompile>
    <ClCompile Include="..\src\SDL\src\audio\directsound\SDL_directsound.c">
      <Filter>SDL</Filter>
    </ClCompile>
    <ClCompile Include="..\src\SDL\src\audio\disk\SDL_diskaudio.c">
      <Filter>SDL</Filter>
    </ClCompile>
    <ClCompile Include="..\src\SDL\src\render\software\SDL_drawline.c">
      <Filter>SDL</Filter>
    </ClCompile>
    <ClCompile Include="..\src\SDL\src\render\software\SDL_drawpoint.c">
      <Filter>SDL</Filter>
    </ClCompile>
    <ClCompile Include="..\src\SDL\src\events\SDL_dropevents.c">
      <Filter>SDL</Filter>
    </ClCompile>
    <ClCompile Include="..\src\SDL\src\audio\dummy\SDL_dummyaudio.c">
      <Filter>SDL</Filter>
    </ClCompile>
    <ClCompile Include="..\src\SDL\src\joystick\windows\SDL_dxjoystick.c">
      <Filter>SDL</Filter>
    </ClCompile>
    <ClCompile Include="..\src\SDL\src\SDL_error.c">
      <Filter>SDL</Filter>
    </ClCompile>
    <ClCompile Include="..\src\SDL\src\events\SDL_events.c">
      <Filter>SDL</Filter>
    </ClCompile>
    <ClCompile Include="..\src\SDL\src\video\SDL_fillrect.c">
      <Filter>SDL</Filter>
    </ClCompile>
    <ClCompile Include="..\src\SDL\src\joystick\SDL_gamecontroller.c">
      <Filter>SDL</Filter>
    </ClCompile>
    <ClCompile Include="..\src\SDL\src\events\SDL_gesture.c">
      <Filter>SDL</Filter>
    </ClCompile>
    <ClCompile Include="..\src\SDL\src\stdlib\SDL_getenv.c">
      <Filter>SDL</Filter>
    </ClCompile>
    <ClCompile Include="..\src\SDL\src\haptic\SDL_haptic.c">
      <Filter>SDL</Filter>
    </ClCompile>
    <ClCompile Include="..\src\SDL\src\SDL_hints.c">
      <Filter>SDL</Filter>
    </ClCompile>
    <ClCompile Include="..\src\SDL\src\stdlib\SDL_iconv.c">
      <Filter>SDL</Filter>
    </ClCompile>
    <ClCompile Include="..\src\SDL\src\joystick\SDL_joystick.c">
      <Filter>SDL</Filter>
    </ClCompile>
    <ClCompile Include="..\src\SDL\src\events\SDL_keyboard.c">
      <Filter>SDL</Filter>
    </ClCompile>
    <ClCompile Include="..\src\SDL\src\SDL_log.c">
      <Filter>SDL</Filter>
    </ClCompile>
    <ClCompile Include="..\src\SDL\src\stdlib\SDL_malloc.c">
      <Filter>SDL</Filter>
    </ClCompile>
    <ClCompile Include="..\src\SDL\src\audio\SDL_mixer.c">
      <Filter>SDL</Filter>
    </ClCompile>
    <ClCompile Include="..\src\SDL\src\joystick\windows\SDL_mmjoystick.c">
      <Filter>SDL</Filter>
    </ClCompile>
    <ClCompile Include="..\src\SDL\src\events\SDL_mouse.c">
      <Filter>SDL</Filter>
    </ClCompile>
    <ClCompile Include="..\src\SDL\src\video\dummy\SDL_nullevents.c">
      <Filter>SDL</Filter>
    </ClCompile>
    <ClCompile Include="..\src\SDL\src\video\dummy\SDL_nullframebuffer.c">
      <Filter>SDL</Filter>
    </ClCompile>
    <ClCompile Include="..\src\SDL\src\video\dummy\SDL_nullvideo.c">
      <Filter>SDL</Filter>
    </ClCompile>
    <ClCompile Include="..\src\SDL\src\video\SDL_pixels.c">
      <Filter>SDL</Filter>
    </ClCompile>
    <ClCompile Include="..\src\SDL\src\power\SDL_power.c">
      <Filter>SDL</Filter>
    </ClCompile>
    <ClCompile Include="..\src\SDL\src\stdlib\SDL_qsort.c">
      <Filter>SDL</Filter>
    </ClCompile>
    <ClCompile Include="..\src\SDL\src\events\SDL_quit.c">
      <Filter>SDL</Filter>
    </ClCompile>
    <ClCompile Include="..\src\SDL\src\video\SDL_rect.c">
      <Filter>SDL</Filter>
    </ClCompile>
    <ClCompile Include="..\src\SDL\src\render\SDL_render.c">
      <Filter>SDL</Filter>
    </ClCompile>
    <ClCompile Include="..\src\SDL\src\render\direct3d\SDL_render_d3d.c">
      <Filter>SDL</Filter>
    </ClCompile>
    <ClCompile Include="..\src\SDL\src\render\opengl\SDL_render_gl.c">
      <Filter>SDL</Filter>
    </ClCompile>
    <ClCompile Include="..\src\SDL\src\render\software\SDL_render_sw.c">
      <Filter>SDL</Filter>
    </ClCompile>
    <ClCompile Include="..\src\SDL\src\video\SDL_RLEaccel.c">
      <Filter>SDL</Filter>
    </ClCompile>
    <ClCompile Include="..\src\SDL\src\render\software\SDL_rotate.c">
      <Filter>SDL</Filter>
    </ClCompile>
    <ClCompile Include="..\src\SDL\src\file\SDL_rwops.c">
      <Filter>SDL</Filter>
    </ClCompile>
    <ClCompile Include="..\src\SDL\src\render\opengl\SDL_shaders_gl.c">
      <Filter>SDL</Filter>
    </ClCompile>
    <ClCompile Include="..\src\SDL\src\video\SDL_shape.c">
      <Filter>SDL</Filter>
    </ClCompile>
    <ClCompile Include="..\src\SDL\src\atomic\SDL_spinlock.c">
      <Filter>SDL</Filter>
    </ClCompile>
    <ClCompile Include="..\src\SDL\src\stdlib\SDL_stdlib.c">
      <Filter>SDL</Filter>
    </ClCompile>
    <ClCompile Include="..\src\SDL\src\video\SDL_stretch.c">
      <Filter>SDL</Filter>
    </ClCompile>
    <ClCompile Include="..\src\SDL\src\stdlib\SDL_string.c">
      <Filter>SDL</Filter>
    </ClCompile>
    <ClCompile Include="..\src\SDL\src\video\SDL_surface.c">
      <Filter>SDL</Filter>
    </ClCompile>
    <ClCompile Include="..\src\SDL\src\thread\generic\SDL_syscond.c">
      <Filter>SDL</Filter>
    </ClCompile>
    <ClCompile Include="..\src\SDL\src\haptic\windows\SDL_syshaptic.c">
      <Filter>SDL</Filter>
    </ClCompile>
    <ClCompile Include="..\src\SDL\src\loadso\windows\SDL_sysloadso.c">
      <Filter>SDL</Filter>
    </ClCompile>
    <ClCompile Include="..\src\SDL\src\thread\windows\SDL_sysmutex.c">
      <Filter>SDL</Filter>
    </ClCompile>
    <ClCompile Include="..\src\SDL\src\power\windows\SDL_syspower.c">
      <Filter>SDL</Filter>
    </ClCompile>
    <ClCompile Include="..\src\SDL\src\thread\windows\SDL_syssem.c">
      <Filter>SDL</Filter>
    </ClCompile>
    <ClCompile Include="..\src\SDL\src\thread\windows\SDL_systhread.c">
      <Filter>SDL</Filter>
    </ClCompile>
    <ClCompile Include="..\src\SDL\src\timer\windows\SDL_systimer.c">
      <Filter>SDL</Filter>
    </ClCompile>
    <ClCompile Include="..\src\SDL\src\thread\windows\SDL_systls.c">
      <Filter>SDL</Filter>
    </ClCompile>
    <ClCompile Include="..\src\SDL\src\thread\SDL_thread.c">
      <Filter>SDL</Filter>
    </ClCompile>
    <ClCompile Include="..\src\SDL\src\timer\SDL_timer.c">
      <Filter>SDL</Filter>
    </ClCompile>
    <ClCompile Include="..\src\SDL\src\events\SDL_touch.c">
      <Filter>SDL</Filter>
    </ClCompile>
    <ClCompile Include="..\src\SDL\src\video\SDL_video.c">
      <Filter>SDL</Filter>
    </ClCompile>
    <ClCompile Include="..\src\SDL\src\audio\SDL_wave.c">
      <Filter>SDL</Filter>
    </ClCompile>
    <ClCompile Include="..\src\SDL\src\events\SDL_windowevents.c">
      <Filter>SDL</Filter>
    </ClCompile>
    <ClCompile Include="..\src\SDL\src\core\windows\SDL_windows.c">
      <Filter>SDL</Filter>
    </ClCompile>
    <ClCompile Include="..\src\SDL\src\video\windows\SDL_windowsclipboard.c">
      <Filter>SDL</Filter>
    </ClCompile>
    <ClCompile Include="..\src\SDL\src\video\windows\SDL_windowsevents.c">
      <Filter>SDL</Filter>
    </ClCompile>
    <ClCompile Include="..\src\SDL\src\video\windows\SDL_windowsframebuffer.c">
      <Filter>SDL</Filter>
    </ClCompile>
    <ClCompile Include="..\src\SDL\src\video\windows\SDL_windowskeyboard.c">
      <Filter>SDL</Filter>
    </ClCompile>
    <ClCompile Include="..\src\SDL\src\video\windows\SDL_windowsmessagebox.c">
      <Filter>SDL</Filter>
    </ClCompile>
    <ClCompile Include="..\src\SDL\src\video\windows\SDL_windowsmodes.c">
      <Filter>SDL</Filter>
    </ClCompile>
    <ClCompile Include="..\src\SDL\src\video\windows\SDL_windowsmouse.c">
      <Filter>SDL</Filter>
    </ClCompile>
    <ClCompile Include="..\src\SDL\src\video\windows\SDL_windowsopengl.c">
      <Filter>SDL</Filter>
    </ClCompile>
    <ClCompile Include="..\src\SDL\src\video\windows\SDL_windowsshape.c">
      <Filter>SDL</Filter>
    </ClCompile>
    <ClCompile Include="..\src\SDL\src\video\windows\SDL_windowsvideo.c">
      <Filter>SDL</Filter>
    </ClCompile>
    <ClCompile Include="..\src\SDL\src\video\windows\SDL_windowswindow.c">
      <Filter>SDL</Filter>
    </ClCompile>
    <ClCompile Include="..\src\SDL\src\audio\winmm\SDL_winmm.c">
      <Filter>SDL</Filter>
    </ClCompile>
    <ClCompile Include="..\src\SDL\src\audio\xaudio2\SDL_xaudio2.c">
      <Filter>SDL</Filter>
    </ClCompile>
    <ClCompile Include="..\src\SDL\src\render\SDL_yuv_mmx.c">
      <Filter>SDL</Filter>
    </ClCompile>
    <ClCompile Include="..\src\SDL\src\render\SDL_yuv_sw.c">
      <Filter>SDL</Filter>
    </ClCompile>
    <ClCompile Include="..\src\SoloCommonsInternal.cpp">
      <Filter>src</Filter>
    </ClCompile>
    <ClCompile Include="..\src\SoloEngine.cpp">
      <Filter>src</Filter>
    </ClCompile>
    <ClCompile Include="..\src\SoloLog.cpp">
      <Filter>src</Filter>
    </ClCompile>
    <ClCompile Include="..\src\SoloScene.cpp">
      <Filter>src</Filter>
    </ClCompile>
    <ClCompile Include="..\src\SoloDevice.cpp">
      <Filter>src</Filter>
    </ClCompile>
    <ClCompile Include="..\src\SoloDeviceSDL.cpp">
      <Filter>src</Filter>
    </ClCompile>
  </ItemGroup>
  <ItemGroup>
    <Filter Include="include">
      <UniqueIdentifier>{518ca716-5190-408d-b9a3-f5f373d3f8fd}</UniqueIdentifier>
    </Filter>
    <Filter Include="SDL">
      <UniqueIdentifier>{9b7ba912-7421-4a06-a455-9c528f9e1d1a}</UniqueIdentifier>
    </Filter>
    <Filter Include="src">
      <UniqueIdentifier>{51a992ed-ff70-41ea-960d-564482663af1}</UniqueIdentifier>
    </Filter>
  </ItemGroup>
</Project>