<?xml version="1.0" encoding="utf-8"?>
<Project ToolsVersion="4.0" xmlns="http://schemas.microsoft.com/developer/msbuild/2003">
  <ItemGroup>
    <ClInclude Include="..\include\Solo.h">
      <Filter>include</Filter>
    </ClInclude>
    <ClInclude Include="..\include\SoloCommons.h">
      <Filter>include</Filter>
    </ClInclude>
    <ClInclude Include="..\include\SoloIEngine.h">
      <Filter>include</Filter>
    </ClInclude>
    <ClInclude Include="..\src\SoloCommonsInternal.h">
      <Filter>src</Filter>
    </ClInclude>
    <ClInclude Include="..\src\SoloEngine.h">
      <Filter>src</Filter>
    </ClInclude>
    <ClInclude Include="..\src\SoloLog.h">
      <Filter>src</Filter>
    </ClInclude>
    <ClInclude Include="..\include\SoloIScene.h">
      <Filter>include</Filter>
    </ClInclude>
    <ClInclude Include="..\src\SoloScene.h">
      <Filter>src</Filter>
    </ClInclude>
    <ClInclude Include="..\src\SoloDevice.h">
      <Filter>src</Filter>
    </ClInclude>
    <ClInclude Include="..\include\SoloIDevice.h">
      <Filter>include</Filter>
    </ClInclude>
    <ClInclude Include="..\include\SoloIEngineCallback.h">
      <Filter>include</Filter>
    </ClInclude>
    <ClInclude Include="..\include\SoloVec3.h">
      <Filter>include</Filter>
    </ClInclude>
    <ClInclude Include="..\include\SoloMath.h">
      <Filter>include</Filter>
    </ClInclude>
    <ClInclude Include="..\include\SoloException.h">
      <Filter>include</Filter>
    </ClInclude>
    <ClInclude Include="..\src\SoloFileSystem.h">
      <Filter>src</Filter>
    </ClInclude>
    <ClInclude Include="..\include\SoloIComponent.h">
      <Filter>include</Filter>
    </ClInclude>
    <ClInclude Include="..\include\SoloISceneNode.h">
      <Filter>include</Filter>
    </ClInclude>
    <ClInclude Include="..\src\SoloSceneNode.h">
      <Filter>src</Filter>
    </ClInclude>
    <ClInclude Include="..\include\SoloIMaterial.h">
      <Filter>include</Filter>
    </ClInclude>
    <ClInclude Include="..\include\SoloMaterial.h">
      <Filter>src</Filter>
    </ClInclude>
    <ClInclude Include="..\src\SoloGPUProgram.h">
      <Filter>src</Filter>
    </ClInclude>
    <ClInclude Include="..\include\SoloIGPUProgram.h">
      <Filter>include</Filter>
    </ClInclude>
    <ClInclude Include="..\src\platform\SoloDeviceSDLGL.h">
      <Filter>src\platform</Filter>
    </ClInclude>
    <ClInclude Include="..\src\platform\SoloGPUProgramGLSL.h">
      <Filter>src\platform</Filter>
    </ClInclude>
  </ItemGroup>
  <ItemGroup>
    <ClCompile Include="..\src\SoloCommonsInternal.cpp">
      <Filter>src</Filter>
    </ClCompile>
    <ClCompile Include="..\src\SoloEngine.cpp">
      <Filter>src</Filter>
    </ClCompile>
    <ClCompile Include="..\src\SoloLog.cpp">
      <Filter>src</Filter>
    </ClCompile>
    <ClCompile Include="..\src\SoloScene.cpp">
      <Filter>src</Filter>
    </ClCompile>
    <ClCompile Include="..\src\SoloDevice.cpp">
      <Filter>src</Filter>
    </ClCompile>
    <ClCompile Include="..\src\SoloFileSystem.cpp">
      <Filter>src</Filter>
    </ClCompile>
    <ClCompile Include="..\src\SoloSceneNode.cpp">
      <Filter>src</Filter>
    </ClCompile>
    <ClCompile Include="..\src\SoloMaterial.cpp">
      <Filter>src</Filter>
    </ClCompile>
    <ClCompile Include="..\external\glew\src\glew.c">
      <Filter>src\glew</Filter>
    </ClCompile>
    <ClCompile Include="..\external\glew\src\glewinfo.c">
      <Filter>src\glew</Filter>
    </ClCompile>
    <ClCompile Include="..\external\glew\src\visualinfo.c">
      <Filter>src\glew</Filter>
    </ClCompile>
    <ClCompile Include="..\src\SoloGPUProgram.cpp">
      <Filter>src</Filter>
    </ClCompile>
    <ClCompile Include="..\src\platform\SoloDeviceSDLGL.cpp">
      <Filter>src\platform</Filter>
    </ClCompile>
    <ClCompile Include="..\src\platform\SoloGPUProgramGLSL.cpp">
      <Filter>src\platform</Filter>
    </ClCompile>
  </ItemGroup>
  <ItemGroup>
    <Filter Include="include">
      <UniqueIdentifier>{518ca716-5190-408d-b9a3-f5f373d3f8fd}</UniqueIdentifier>
    </Filter>
    <Filter Include="src">
      <UniqueIdentifier>{51a992ed-ff70-41ea-960d-564482663af1}</UniqueIdentifier>
    </Filter>
    <Filter Include="src\glew">
      <UniqueIdentifier>{c71565b1-047c-43cf-ac19-33d2ac0eba05}</UniqueIdentifier>
    </Filter>
    <Filter Include="src\platform">
      <UniqueIdentifier>{19865fe9-5ca9-4b65-8e94-a5c33cfc767f}</UniqueIdentifier>
    </Filter>
  </ItemGroup>
</Project>