<?xml version="1.0" encoding="utf-8"?>
<Project ToolsVersion="4.0" xmlns="http://schemas.microsoft.com/developer/msbuild/2003">
  <ItemGroup>
    <ClInclude Include="..\include\Solo.h">
      <Filter>include</Filter>
    </ClInclude>
    <ClInclude Include="..\include\SoloException.h">
      <Filter>include</Filter>
    </ClInclude>
    <ClInclude Include="..\include\SoloVector2.h">
      <Filter>include</Filter>
    </ClInclude>
    <ClInclude Include="..\include\SoloMath.h">
      <Filter>include</Filter>
    </ClInclude>
    <ClInclude Include="..\include\SoloBase.h">
      <Filter>include</Filter>
    </ClInclude>
    <ClInclude Include="..\include\SoloVector3.h">
      <Filter>include</Filter>
    </ClInclude>
    <ClInclude Include="..\include\SoloMatrix.h">
      <Filter>include</Filter>
    </ClInclude>
    <ClInclude Include="..\include\SoloVector4.h">
      <Filter>include</Filter>
    </ClInclude>
    <ClInclude Include="..\include\SoloQuaternion.h">
      <Filter>include</Filter>
    </ClInclude>
    <ClInclude Include="..\include\SoloPlane.h">
      <Filter>include</Filter>
    </ClInclude>
    <ClInclude Include="..\include\SoloBoundingSphere.h">
      <Filter>include</Filter>
    </ClInclude>
    <ClInclude Include="..\include\SoloBoundingBox.h">
      <Filter>include</Filter>
    </ClInclude>
    <ClInclude Include="..\include\SoloRay.h">
      <Filter>include</Filter>
    </ClInclude>
    <ClInclude Include="..\include\SoloFrustum.h">
      <Filter>include</Filter>
    </ClInclude>
    <ClInclude Include="..\include\SoloTypeId.h">
      <Filter>include</Filter>
    </ClInclude>
    <ClInclude Include="..\include\SoloFormatter.h">
      <Filter>include</Filter>
    </ClInclude>
    <ClInclude Include="..\include\SoloCamera.h">
      <Filter>include</Filter>
    </ClInclude>
    <ClInclude Include="..\include\SoloDevice.h">
      <Filter>include</Filter>
    </ClInclude>
    <ClInclude Include="..\include\SoloEffect.h">
      <Filter>include</Filter>
    </ClInclude>
    <ClInclude Include="..\include\SoloFileSystem.h">
      <Filter>include</Filter>
    </ClInclude>
    <ClInclude Include="..\include\SoloMaterial.h">
      <Filter>include</Filter>
    </ClInclude>
    <ClInclude Include="..\include\SoloMesh.h">
      <Filter>include</Filter>
    </ClInclude>
    <ClInclude Include="..\include\SoloScene.h">
      <Filter>include</Filter>
    </ClInclude>
    <ClInclude Include="..\include\SoloTransform.h">
      <Filter>include</Filter>
    </ClInclude>
    <ClInclude Include="..\include\SoloComponent.h">
      <Filter>include</Filter>
    </ClInclude>
    <ClInclude Include="..\include\SoloEffectVariable.h">
      <Filter>include</Filter>
    </ClInclude>
    <ClInclude Include="..\include\SoloMaterialParameter.h">
      <Filter>include</Filter>
    </ClInclude>
    <ClInclude Include="..\include\SoloRenderContext.h">
      <Filter>include</Filter>
    </ClInclude>
    <ClInclude Include="..\include\SoloNode.h">
      <Filter>include</Filter>
    </ClInclude>
    <ClInclude Include="..\include\SoloResourceManager.h">
      <Filter>include</Filter>
    </ClInclude>
    <ClInclude Include="..\include\SoloLog.h">
      <Filter>include</Filter>
    </ClInclude>
    <ClInclude Include="..\include\SoloTexture.h">
      <Filter>include</Filter>
    </ClInclude>
    <ClInclude Include="..\include\SoloTexture2D.h">
      <Filter>include</Filter>
    </ClInclude>
    <ClInclude Include="..\include\SoloRenderTarget.h">
      <Filter>include</Filter>
    </ClInclude>
    <ClInclude Include="..\src\SoloModelLoader.h">
      <Filter>src</Filter>
    </ClInclude>
    <ClInclude Include="..\include\SoloScriptManager.h">
      <Filter>include</Filter>
    </ClInclude>
    <ClInclude Include="..\include\SoloImage.h">
      <Filter>include</Filter>
    </ClInclude>
    <ClInclude Include="..\include\SoloImageLoader.h">
      <Filter>include</Filter>
    </ClInclude>
    <ClInclude Include="..\src\SoloPngImageLoader.h">
      <Filter>src</Filter>
    </ClInclude>
    <ClInclude Include="..\include\SoloBitFlags.h">
      <Filter>include</Filter>
    </ClInclude>
    <ClInclude Include="..\include\SoloCubeTexture.h">
      <Filter>include</Filter>
    </ClInclude>
    <ClInclude Include="..\src\platform\opengl\SoloGLSLEffect.h">
      <Filter>src\platform\opengl</Filter>
    </ClInclude>
    <ClInclude Include="..\src\platform\opengl\SoloGLSLEffectVariable.h">
      <Filter>src\platform\opengl</Filter>
    </ClInclude>
    <ClInclude Include="..\src\platform\opengl\SoloOpenGLCamera.h">
      <Filter>src\platform\opengl</Filter>
    </ClInclude>
    <ClInclude Include="..\src\platform\opengl\SoloOpenGLCubeTexture.h">
      <Filter>src\platform\opengl</Filter>
    </ClInclude>
    <ClInclude Include="..\src\platform\opengl\SoloOpenGLHelper.h">
      <Filter>src\platform\opengl</Filter>
    </ClInclude>
    <ClInclude Include="..\src\platform\opengl\SoloOpenGLMaterial.h">
      <Filter>src\platform\opengl</Filter>
    </ClInclude>
    <ClInclude Include="..\src\platform\opengl\SoloOpenGLMesh.h">
      <Filter>src\platform\opengl</Filter>
    </ClInclude>
    <ClInclude Include="..\src\platform\opengl\SoloOpenGLRenderTarget.h">
      <Filter>src\platform\opengl</Filter>
    </ClInclude>
    <ClInclude Include="..\src\platform\opengl\SoloOpenGLTexture2D.h">
      <Filter>src\platform\opengl</Filter>
    </ClInclude>
    <ClInclude Include="..\src\platform\opengl\SoloSDLOpenGLDevice.h">
      <Filter>src\platform\opengl</Filter>
    </ClInclude>
    <ClInclude Include="..\src\platform\stub\SoloStubCamera.h">
      <Filter>src\platform\stub</Filter>
    </ClInclude>
    <ClInclude Include="..\src\platform\stub\SoloStubCubeTexture.h">
      <Filter>src\platform\stub</Filter>
    </ClInclude>
    <ClInclude Include="..\src\platform\stub\SoloStubDevice.h">
      <Filter>src\platform\stub</Filter>
    </ClInclude>
    <ClInclude Include="..\src\platform\stub\SoloStubEffect.h">
      <Filter>src\platform\stub</Filter>
    </ClInclude>
    <ClInclude Include="..\src\platform\stub\SoloStubEffectVariable.h">
      <Filter>src\platform\stub</Filter>
    </ClInclude>
    <ClInclude Include="..\src\platform\stub\SoloStubImageLoader.h">
      <Filter>src\platform\stub</Filter>
    </ClInclude>
    <ClInclude Include="..\src\platform\stub\SoloStubMaterial.h">
      <Filter>src\platform\stub</Filter>
    </ClInclude>
    <ClInclude Include="..\src\platform\stub\SoloStubMesh.h">
      <Filter>src\platform\stub</Filter>
    </ClInclude>
    <ClInclude Include="..\src\platform\stub\SoloStubModelLoader.h">
      <Filter>src\platform\stub</Filter>
    </ClInclude>
    <ClInclude Include="..\src\platform\stub\SoloStubRenderTarget.h">
      <Filter>src\platform\stub</Filter>
    </ClInclude>
    <ClInclude Include="..\src\platform\stub\SoloStubResourceManager.h">
      <Filter>src\platform\stub</Filter>
    </ClInclude>
    <ClInclude Include="..\src\platform\stub\SoloStubTexture2D.h">
      <Filter>src\platform\stub</Filter>
    </ClInclude>
    <ClInclude Include="..\include\SoloSpectator.h">
      <Filter>include</Filter>
    </ClInclude>
    <ClInclude Include="..\include\SoloGraphics.h">
      <Filter>include</Filter>
    </ClInclude>
    <ClInclude Include="..\src\platform\opengl\SoloOpenGLGraphics.h">
      <Filter>src\platform\opengl</Filter>
    </ClInclude>
    <ClInclude Include="..\src\platform\stub\SoloStubGraphics.h">
      <Filter>src\platform\stub</Filter>
    </ClInclude>
    <ClInclude Include="..\src\platform\opengl\SoloOpenGLBuiltInShaders.h">
      <Filter>src\platform\opengl</Filter>
    </ClInclude>
    <ClInclude Include="..\include\SoloSkyboxRenderer.h">
      <Filter>include</Filter>
    </ClInclude>
    <ClInclude Include="..\include\SoloRenderQueue.h">
      <Filter>include</Filter>
    </ClInclude>
    <ClInclude Include="..\src\platform\scripting\lua\SoloLuaGraphics.h">
      <Filter>src\platform\scripting\lua</Filter>
    </ClInclude>
    <ClInclude Include="..\src\platform\scripting\lua\SoloLuaScriptComponent.h">
      <Filter>src\platform\scripting\lua</Filter>
    </ClInclude>
    <ClInclude Include="..\src\platform\scripting\lua\SoloLuaScriptManager.h">
      <Filter>src\platform\scripting\lua</Filter>
    </ClInclude>
    <ClInclude Include="..\src\platform\stub\SoloStubFileSystem.h">
      <Filter>src\platform\stub</Filter>
    </ClInclude>
    <ClInclude Include="..\include\SoloEffectVertexAttribute.h">
      <Filter>include</Filter>
    </ClInclude>
    <ClInclude Include="..\src\platform\opengl\SoloGLSLEffectVertexAttribute.h">
      <Filter>src\platform\opengl</Filter>
    </ClInclude>
    <ClInclude Include="..\include\SoloVertexFormat.h">
      <Filter>include</Filter>
    </ClInclude>
    <ClInclude Include="..\src\SoloMeshEffectBinding.h">
      <Filter>src</Filter>
    </ClInclude>
    <ClInclude Include="..\src\platform\opengl\SoloOpenGLMeshEffectBinding.h">
      <Filter>src\platform\opengl</Filter>
    </ClInclude>
    <ClInclude Include="..\include\SoloMeshRenderer.h">
      <Filter>include</Filter>
    </ClInclude>
    <ClInclude Include="..\include\SoloIndexedMeshPart.h">
      <Filter>include</Filter>
    </ClInclude>
    <ClInclude Include="..\src\platform\opengl\SoloOpenGLIndexedMeshPart.h">
      <Filter>src\platform\opengl</Filter>
    </ClInclude>
    <ClInclude Include="..\src\SoloObjMeshLoader.h">
      <Filter>src</Filter>
    </ClInclude>
    <ClInclude Include="..\src\platform\stub\SoloStubIndexedMeshPart.h">
      <Filter>src\platform\stub</Filter>
    </ClInclude>
    <ClInclude Include="..\src\platform\stub\SoloStubMeshEffectBinding.h">
      <Filter>src\platform\stub</Filter>
    </ClInclude>
    <ClInclude Include="..\src\platform\scripting\lua\SoloLuaMesh.h">
      <Filter>src\platform\scripting\lua</Filter>
    </ClInclude>
    <ClInclude Include="..\src\platform\scripting\lua\SoloLuaIndexedMeshPart.h">
      <Filter>src\platform\scripting\lua</Filter>
    </ClInclude>
    <ClInclude Include="..\src\platform\opengl\SoloOpenGLSurfaceRenderer.h">
      <Filter>src\platform\opengl</Filter>
    </ClInclude>
    <ClInclude Include="..\include\SoloSurfaceRenderer.h">
      <Filter>include</Filter>
    </ClInclude>
    <ClInclude Include="..\src\platform\stub\SoloStubSurfaceRenderer.h">
      <Filter>src\platform\stub</Filter>
    </ClInclude>
  </ItemGroup>
  <ItemGroup>
    <ClCompile Include="..\src\SoloLog.cpp">
      <Filter>src</Filter>
    </ClCompile>
    <ClCompile Include="..\src\SoloScene.cpp">
      <Filter>src</Filter>
    </ClCompile>
    <ClCompile Include="..\src\SoloDevice.cpp">
      <Filter>src</Filter>
    </ClCompile>
    <ClCompile Include="..\src\SoloFileSystem.cpp">
      <Filter>src</Filter>
    </ClCompile>
    <ClCompile Include="..\src\SoloMaterial.cpp">
      <Filter>src</Filter>
    </ClCompile>
    <ClCompile Include="..\thirdparty\glew\src\glew.c">
      <Filter>src\external\glew</Filter>
    </ClCompile>
    <ClCompile Include="..\thirdparty\glew\src\glewinfo.c">
      <Filter>src\external\glew</Filter>
    </ClCompile>
    <ClCompile Include="..\thirdparty\glew\src\visualinfo.c">
      <Filter>src\external\glew</Filter>
    </ClCompile>
    <ClCompile Include="..\src\SoloVector2.cpp">
      <Filter>src</Filter>
    </ClCompile>
    <ClCompile Include="..\src\SoloVector3.cpp">
      <Filter>src</Filter>
    </ClCompile>
    <ClCompile Include="..\src\SoloVector4.cpp">
      <Filter>src</Filter>
    </ClCompile>
    <ClCompile Include="..\src\SoloMatrix.cpp">
      <Filter>src</Filter>
    </ClCompile>
    <ClCompile Include="..\src\SoloPlane.cpp">
      <Filter>src</Filter>
    </ClCompile>
    <ClCompile Include="..\src\SoloBoundingSphere.cpp">
      <Filter>src</Filter>
    </ClCompile>
    <ClCompile Include="..\src\SoloBoundingBox.cpp">
      <Filter>src</Filter>
    </ClCompile>
    <ClCompile Include="..\src\SoloRay.cpp">
      <Filter>src</Filter>
    </ClCompile>
    <ClCompile Include="..\src\SoloFrustum.cpp">
      <Filter>src</Filter>
    </ClCompile>
    <ClCompile Include="..\src\SoloTransform.cpp">
      <Filter>src</Filter>
    </ClCompile>
    <ClCompile Include="..\src\SoloCamera.cpp">
      <Filter>src</Filter>
    </ClCompile>
    <ClCompile Include="..\src\SoloEffect.cpp">
      <Filter>src</Filter>
    </ClCompile>
    <ClCompile Include="..\src\SoloMesh.cpp">
      <Filter>src</Filter>
    </ClCompile>
    <ClCompile Include="..\src\SoloQuaternion.cpp">
      <Filter>src</Filter>
    </ClCompile>
    <ClCompile Include="..\src\SoloBase.cpp">
      <Filter>src</Filter>
    </ClCompile>
    <ClCompile Include="..\src\SoloMaterialParameter.cpp">
      <Filter>src</Filter>
    </ClCompile>
    <ClCompile Include="..\src\SoloNode.cpp">
      <Filter>src</Filter>
    </ClCompile>
    <ClCompile Include="..\src\SoloResourceManager.cpp">
      <Filter>src</Filter>
    </ClCompile>
    <ClCompile Include="..\src\SoloTexture.cpp">
      <Filter>src</Filter>
    </ClCompile>
    <ClCompile Include="..\thirdparty\zlib\src\adler32.c">
      <Filter>src\external\zlib</Filter>
    </ClCompile>
    <ClCompile Include="..\thirdparty\zlib\src\compress.c">
      <Filter>src\external\zlib</Filter>
    </ClCompile>
    <ClCompile Include="..\thirdparty\zlib\src\crc32.c">
      <Filter>src\external\zlib</Filter>
    </ClCompile>
    <ClCompile Include="..\thirdparty\zlib\src\deflate.c">
      <Filter>src\external\zlib</Filter>
    </ClCompile>
    <ClCompile Include="..\thirdparty\zlib\src\infback.c">
      <Filter>src\external\zlib</Filter>
    </ClCompile>
    <ClCompile Include="..\thirdparty\zlib\src\inffast.c">
      <Filter>src\external\zlib</Filter>
    </ClCompile>
    <ClCompile Include="..\thirdparty\zlib\src\inflate.c">
      <Filter>src\external\zlib</Filter>
    </ClCompile>
    <ClCompile Include="..\thirdparty\zlib\src\inftrees.c">
      <Filter>src\external\zlib</Filter>
    </ClCompile>
    <ClCompile Include="..\thirdparty\zlib\src\trees.c">
      <Filter>src\external\zlib</Filter>
    </ClCompile>
    <ClCompile Include="..\thirdparty\zlib\src\uncompr.c">
      <Filter>src\external\zlib</Filter>
    </ClCompile>
    <ClCompile Include="..\thirdparty\zlib\src\zutil.c">
      <Filter>src\external\zlib</Filter>
    </ClCompile>
    <ClCompile Include="..\thirdparty\png\src\png.c">
      <Filter>src\external\png</Filter>
    </ClCompile>
    <ClCompile Include="..\thirdparty\png\src\pngerror.c">
      <Filter>src\external\png</Filter>
    </ClCompile>
    <ClCompile Include="..\thirdparty\png\src\pngget.c">
      <Filter>src\external\png</Filter>
    </ClCompile>
    <ClCompile Include="..\thirdparty\png\src\pngmem.c">
      <Filter>src\external\png</Filter>
    </ClCompile>
    <ClCompile Include="..\thirdparty\png\src\pngpread.c">
      <Filter>src\external\png</Filter>
    </ClCompile>
    <ClCompile Include="..\thirdparty\png\src\pngread.c">
      <Filter>src\external\png</Filter>
    </ClCompile>
    <ClCompile Include="..\thirdparty\png\src\pngrio.c">
      <Filter>src\external\png</Filter>
    </ClCompile>
    <ClCompile Include="..\thirdparty\png\src\pngrtran.c">
      <Filter>src\external\png</Filter>
    </ClCompile>
    <ClCompile Include="..\thirdparty\png\src\pngrutil.c">
      <Filter>src\external\png</Filter>
    </ClCompile>
    <ClCompile Include="..\thirdparty\png\src\pngset.c">
      <Filter>src\external\png</Filter>
    </ClCompile>
    <ClCompile Include="..\thirdparty\png\src\pngtrans.c">
      <Filter>src\external\png</Filter>
    </ClCompile>
    <ClCompile Include="..\thirdparty\png\src\pngwio.c">
      <Filter>src\external\png</Filter>
    </ClCompile>
    <ClCompile Include="..\thirdparty\png\src\pngwrite.c">
      <Filter>src\external\png</Filter>
    </ClCompile>
    <ClCompile Include="..\thirdparty\png\src\pngwtran.c">
      <Filter>src\external\png</Filter>
    </ClCompile>
    <ClCompile Include="..\thirdparty\png\src\pngwutil.c">
      <Filter>src\external\png</Filter>
    </ClCompile>
    <ClCompile Include="..\src\SoloTexture2D.cpp">
      <Filter>src</Filter>
    </ClCompile>
    <ClCompile Include="..\src\SoloRenderTarget.cpp">
      <Filter>src</Filter>
    </ClCompile>
    <ClCompile Include="..\src\SoloScriptManager.cpp">
      <Filter>src</Filter>
    </ClCompile>
    <ClCompile Include="..\src\SoloPngImageLoader.cpp">
      <Filter>src</Filter>
    </ClCompile>
    <ClCompile Include="..\src\platform\opengl\SoloGLSLEffect.cpp">
      <Filter>src\platform\opengl</Filter>
    </ClCompile>
    <ClCompile Include="..\src\platform\opengl\SoloGLSLEffectVariable.cpp">
      <Filter>src\platform\opengl</Filter>
    </ClCompile>
    <ClCompile Include="..\src\platform\opengl\SoloOpenGLCamera.cpp">
      <Filter>src\platform\opengl</Filter>
    </ClCompile>
    <ClCompile Include="..\src\platform\opengl\SoloOpenGLCubeTexture.cpp">
      <Filter>src\platform\opengl</Filter>
    </ClCompile>
    <ClCompile Include="..\src\platform\opengl\SoloOpenGLHelper.cpp">
      <Filter>src\platform\opengl</Filter>
    </ClCompile>
    <ClCompile Include="..\src\platform\opengl\SoloOpenGLMaterial.cpp">
      <Filter>src\platform\opengl</Filter>
    </ClCompile>
    <ClCompile Include="..\src\platform\opengl\SoloOpenGLMesh.cpp">
      <Filter>src\platform\opengl</Filter>
    </ClCompile>
    <ClCompile Include="..\src\platform\opengl\SoloOpenGLRenderTarget.cpp">
      <Filter>src\platform\opengl</Filter>
    </ClCompile>
    <ClCompile Include="..\src\platform\opengl\SoloOpenGLTexture2D.cpp">
      <Filter>src\platform\opengl</Filter>
    </ClCompile>
    <ClCompile Include="..\src\platform\opengl\SoloSDLOpenGLDevice.cpp">
      <Filter>src\platform\opengl</Filter>
    </ClCompile>
    <ClCompile Include="..\src\platform\stub\SoloStubDevice.cpp">
      <Filter>src\platform\stub</Filter>
    </ClCompile>
    <ClCompile Include="..\src\platform\stub\SoloStubEffect.cpp">
      <Filter>src\platform\stub</Filter>
    </ClCompile>
    <ClCompile Include="..\src\platform\stub\SoloStubImageLoader.cpp">
      <Filter>src\platform\stub</Filter>
    </ClCompile>
    <ClCompile Include="..\src\platform\stub\SoloStubModelLoader.cpp">
      <Filter>src\platform\stub</Filter>
    </ClCompile>
    <ClCompile Include="..\src\platform\stub\SoloStubResourceManager.cpp">
      <Filter>src\platform\stub</Filter>
    </ClCompile>
    <ClCompile Include="..\src\SoloSpectator.cpp">
      <Filter>src</Filter>
    </ClCompile>
    <ClCompile Include="..\src\SoloCubeTexture.cpp">
      <Filter>src</Filter>
    </ClCompile>
    <ClCompile Include="..\src\SoloGraphics.cpp">
      <Filter>src</Filter>
    </ClCompile>
    <ClCompile Include="..\src\platform\opengl\SoloOpenGLGraphics.cpp">
      <Filter>src\platform\opengl</Filter>
    </ClCompile>
    <ClCompile Include="..\src\SoloSkyboxRenderer.cpp">
      <Filter>src</Filter>
    </ClCompile>
    <ClCompile Include="..\src\platform\scripting\lua\SoloLuaScriptComponent.cpp">
      <Filter>src\platform\scripting\lua</Filter>
    </ClCompile>
    <ClCompile Include="..\src\platform\scripting\lua\SoloLuaScriptManager.cpp">
      <Filter>src\platform\scripting\lua</Filter>
    </ClCompile>
    <ClCompile Include="..\src\platform\scripting\lua\SoloLuaGraphics.cpp">
      <Filter>src\platform\scripting\lua</Filter>
    </ClCompile>
    <ClCompile Include="..\src\platform\stub\SoloStubFileSystem.cpp">
      <Filter>src\platform\stub</Filter>
    </ClCompile>
    <ClCompile Include="..\src\platform\opengl\SoloGLSLEffectVertexAttribute.cpp">
      <Filter>src\platform\opengl</Filter>
    </ClCompile>
    <ClCompile Include="..\src\SoloVertexFormat.cpp">
      <Filter>src</Filter>
    </ClCompile>
    <ClCompile Include="..\src\SoloMeshEffectBinding.cpp">
      <Filter>src</Filter>
    </ClCompile>
    <ClCompile Include="..\src\platform\opengl\SoloOpenGLMeshEffectBinding.cpp">
      <Filter>src\platform\opengl</Filter>
    </ClCompile>
    <ClCompile Include="..\src\SoloMeshRenderer.cpp">
      <Filter>src</Filter>
    </ClCompile>
    <ClCompile Include="..\src\platform\opengl\SoloOpenGLIndexedMeshPart.cpp">
      <Filter>src\platform\opengl</Filter>
    </ClCompile>
    <ClCompile Include="..\src\SoloObjMeshLoader.cpp">
      <Filter>src</Filter>
    </ClCompile>
    <ClCompile Include="..\src\platform\stub\SoloStubMesh.cpp">
      <Filter>src\platform\stub</Filter>
    </ClCompile>
    <ClCompile Include="..\src\platform\scripting\lua\SoloLuaMesh.cpp">
      <Filter>src\platform\scripting\lua</Filter>
    </ClCompile>
    <ClCompile Include="..\src\platform\scripting\lua\SoloLuaIndexedMeshPart.cpp">
      <Filter>src\platform\scripting\lua</Filter>
    </ClCompile>
    <ClCompile Include="..\src\SoloSurfaceRenderer.cpp">
      <Filter>src</Filter>
    </ClCompile>
    <ClCompile Include="..\src\platform\opengl\SoloOpenGLSurfaceRenderer.cpp">
      <Filter>src\platform\opengl</Filter>
    </ClCompile>
  </ItemGroup>
  <ItemGroup>
    <Filter Include="include">
      <UniqueIdentifier>{518ca716-5190-408d-b9a3-f5f373d3f8fd}</UniqueIdentifier>
    </Filter>
    <Filter Include="src">
      <UniqueIdentifier>{51a992ed-ff70-41ea-960d-564482663af1}</UniqueIdentifier>
    </Filter>
    <Filter Include="src\platform">
      <UniqueIdentifier>{19865fe9-5ca9-4b65-8e94-a5c33cfc767f}</UniqueIdentifier>
    </Filter>
    <Filter Include="src\external">
      <UniqueIdentifier>{ac6c24da-1afc-4cc5-85d6-9c987812afe7}</UniqueIdentifier>
    </Filter>
    <Filter Include="src\external\glew">
      <UniqueIdentifier>{c71565b1-047c-43cf-ac19-33d2ac0eba05}</UniqueIdentifier>
    </Filter>
    <Filter Include="src\external\png">
      <UniqueIdentifier>{308fcd1a-298e-4726-b0ad-977bc1e9763a}</UniqueIdentifier>
    </Filter>
    <Filter Include="src\external\zlib">
      <UniqueIdentifier>{c75d28c3-b7bf-43af-91dd-132d3fea8685}</UniqueIdentifier>
    </Filter>
    <Filter Include="src\platform\scripting">
      <UniqueIdentifier>{5218c9b5-9e47-4e4c-b2fa-c92321e11046}</UniqueIdentifier>
    </Filter>
    <Filter Include="src\platform\opengl">
      <UniqueIdentifier>{f14878d2-f3e0-46aa-8dde-49cd0692f7f9}</UniqueIdentifier>
    </Filter>
    <Filter Include="src\platform\stub">
      <UniqueIdentifier>{a2160cc5-f9a6-47d6-b537-be79b1e819d7}</UniqueIdentifier>
    </Filter>
    <Filter Include="src\platform\scripting\lua">
      <UniqueIdentifier>{f84e4025-c703-41a4-9b96-cb6d0bbb4c60}</UniqueIdentifier>
    </Filter>
  </ItemGroup>
</Project>