<?xml version="1.0" encoding="utf-8"?>
<Project ToolsVersion="4.0" xmlns="http://schemas.microsoft.com/developer/msbuild/2003">
  <ItemGroup>
    <ClInclude Include="..\include\Solo.h">
      <Filter>include</Filter>
    </ClInclude>
    <ClInclude Include="..\include\SoloCommons.h">
      <Filter>include</Filter>
    </ClInclude>
    <ClInclude Include="..\include\SoloIEngine.h">
      <Filter>include</Filter>
    </ClInclude>
    <ClInclude Include="..\src\SoloCommonsInternal.h">
      <Filter>src</Filter>
    </ClInclude>
    <ClInclude Include="..\src\SoloEngine.h">
      <Filter>src</Filter>
    </ClInclude>
    <ClInclude Include="..\src\SoloLog.h">
      <Filter>src</Filter>
    </ClInclude>
    <ClInclude Include="..\include\SoloIScene.h">
      <Filter>include</Filter>
    </ClInclude>
    <ClInclude Include="..\src\SoloScene.h">
      <Filter>src</Filter>
    </ClInclude>
    <ClInclude Include="..\src\SoloDevice.h">
      <Filter>src</Filter>
    </ClInclude>
    <ClInclude Include="..\src\SoloDeviceSDL.h">
      <Filter>src</Filter>
    </ClInclude>
    <ClInclude Include="..\include\SoloIDevice.h">
      <Filter>include</Filter>
    </ClInclude>
    <ClInclude Include="..\include\SoloIEngineCallback.h">
      <Filter>include</Filter>
    </ClInclude>
    <ClInclude Include="..\include\SoloVec3.h">
      <Filter>include</Filter>
    </ClInclude>
    <ClInclude Include="..\include\SoloMath.h">
      <Filter>include</Filter>
    </ClInclude>
    <ClInclude Include="..\include\SoloException.h">
      <Filter>include</Filter>
    </ClInclude>
    <ClInclude Include="..\src\SoloFileSystem.h">
      <Filter>src</Filter>
    </ClInclude>
    <ClInclude Include="..\include\SoloIComponent.h">
      <Filter>include</Filter>
    </ClInclude>
    <ClInclude Include="..\include\SoloISceneNode.h">
      <Filter>include</Filter>
    </ClInclude>
    <ClInclude Include="..\src\SoloSceneNode.h">
      <Filter>src</Filter>
    </ClInclude>
    <ClInclude Include="..\include\SoloIMaterial.h">
      <Filter>include</Filter>
    </ClInclude>
    <ClInclude Include="..\include\SoloMaterial.h">
      <Filter>src</Filter>
    </ClInclude>
    <ClInclude Include="..\include\SoloIShader.h">
      <Filter>include</Filter>
    </ClInclude>
    <ClInclude Include="..\src\SoloShader.h">
      <Filter>src</Filter>
    </ClInclude>
    <ClInclude Include="..\src\SoloGLSLShader.h">
      <Filter>src</Filter>
    </ClInclude>
  </ItemGroup>
  <ItemGroup>
    <ClCompile Include="..\src\SoloCommonsInternal.cpp">
      <Filter>src</Filter>
    </ClCompile>
    <ClCompile Include="..\src\SoloEngine.cpp">
      <Filter>src</Filter>
    </ClCompile>
    <ClCompile Include="..\src\SoloLog.cpp">
      <Filter>src</Filter>
    </ClCompile>
    <ClCompile Include="..\src\SoloScene.cpp">
      <Filter>src</Filter>
    </ClCompile>
    <ClCompile Include="..\src\SoloDevice.cpp">
      <Filter>src</Filter>
    </ClCompile>
    <ClCompile Include="..\src\SoloDeviceSDL.cpp">
      <Filter>src</Filter>
    </ClCompile>
    <ClCompile Include="..\src\SoloFileSystem.cpp">
      <Filter>src</Filter>
    </ClCompile>
    <ClCompile Include="..\src\SoloSceneNode.cpp">
      <Filter>src</Filter>
    </ClCompile>
    <ClCompile Include="..\src\SoloMaterial.cpp">
      <Filter>src</Filter>
    </ClCompile>
    <ClCompile Include="..\src\SoloGLSLShader.cpp">
      <Filter>src</Filter>
    </ClCompile>
    <ClCompile Include="..\src\SoloShader.cpp">
      <Filter>src</Filter>
    </ClCompile>
  </ItemGroup>
  <ItemGroup>
    <Filter Include="include">
      <UniqueIdentifier>{518ca716-5190-408d-b9a3-f5f373d3f8fd}</UniqueIdentifier>
    </Filter>
    <Filter Include="src">
      <UniqueIdentifier>{51a992ed-ff70-41ea-960d-564482663af1}</UniqueIdentifier>
    </Filter>
  </ItemGroup>
</Project>